// !$*UTF8*$!
{
	archiveVersion = 1;
	classes = {
	};
	objectVersion = 54;
	objects = {

/* Begin PBXBuildFile section */
		49CF13211AB6D87900AA5971 /* TSCiCloudController.h in Headers */ = {isa = PBXBuildFile; fileRef = 49CF131F1AB6D87900AA5971 /* TSCiCloudController.h */; settings = {ATTRIBUTES = (Public, ); }; };
		49CF13221AB6D87900AA5971 /* TSCiCloudController.m in Sources */ = {isa = PBXBuildFile; fileRef = 49CF13201AB6D87900AA5971 /* TSCiCloudController.m */; };
		49CF13281AB6D88A00AA5971 /* TSCContactsController.h in Headers */ = {isa = PBXBuildFile; fileRef = 49CF13241AB6D88A00AA5971 /* TSCContactsController.h */; settings = {ATTRIBUTES = (Public, ); }; };
		49CF13291AB6D88A00AA5971 /* TSCContactsController.m in Sources */ = {isa = PBXBuildFile; fileRef = 49CF13251AB6D88A00AA5971 /* TSCContactsController.m */; };
		49CF132A1AB6D88A00AA5971 /* TSCPerson.h in Headers */ = {isa = PBXBuildFile; fileRef = 49CF13261AB6D88A00AA5971 /* TSCPerson.h */; settings = {ATTRIBUTES = (Public, ); }; };
		49CF132B1AB6D88A00AA5971 /* TSCPerson.m in Sources */ = {isa = PBXBuildFile; fileRef = 49CF13271AB6D88A00AA5971 /* TSCPerson.m */; };
		980AE1D42208968800540E8E /* Locale+ISO639_2.swift in Sources */ = {isa = PBXBuildFile; fileRef = 980AE1D32208968800540E8E /* Locale+ISO639_2.swift */; };
		980AE1D6220896A700540E8E /* iso639_2.bundle in Resources */ = {isa = PBXBuildFile; fileRef = 980AE1D5220896A700540E8E /* iso639_2.bundle */; };
		980AE269220AFD8C00540E8E /* Locale+ISO639_2Tests.swift in Sources */ = {isa = PBXBuildFile; fileRef = 980AE268220AFD8C00540E8E /* Locale+ISO639_2Tests.swift */; };
		980AE26B220AFF7400540E8E /* ThunderBasics.framework in Frameworks */ = {isa = PBXBuildFile; fileRef = C272EF8419C831AB004BD339 /* ThunderBasics.framework */; };
		B100A84924C9AF6800562777 /* MultipleShadowView.swift in Sources */ = {isa = PBXBuildFile; fileRef = B100A84824C9AF6800562777 /* MultipleShadowView.swift */; };
		B100A84B24C9AF6C00562777 /* ShadowComponents.swift in Sources */ = {isa = PBXBuildFile; fileRef = B100A84A24C9AF6C00562777 /* ShadowComponents.swift */; };
		B100A85124C9AF7400562777 /* CALayer+CornerCurve.swift in Sources */ = {isa = PBXBuildFile; fileRef = B100A84C24C9AF7300562777 /* CALayer+CornerCurve.swift */; };
		B100A85224C9AF7400562777 /* CALayer+Shadow.swift in Sources */ = {isa = PBXBuildFile; fileRef = B100A84D24C9AF7400562777 /* CALayer+Shadow.swift */; };
		B100A85324C9AF7400562777 /* UIView+CornerCurve.swift in Sources */ = {isa = PBXBuildFile; fileRef = B100A84E24C9AF7400562777 /* UIView+CornerCurve.swift */; };
		B100A85524C9AF7400562777 /* UIView+MultipleShadows.swift in Sources */ = {isa = PBXBuildFile; fileRef = B100A85024C9AF7400562777 /* UIView+MultipleShadows.swift */; };
		B10F06C324B4B3EA00B3F8BC /* nebraska.jpg in Resources */ = {isa = PBXBuildFile; fileRef = B10F06C224B4B3EA00B3F8BC /* nebraska.jpg */; };
		B10F06C524B4C01300B3F8BC /* mit.png in Resources */ = {isa = PBXBuildFile; fileRef = B10F06C424B4C01300B3F8BC /* mit.png */; };
		B11063B41F41ABC6003E5814 /* Navigation.swift in Sources */ = {isa = PBXBuildFile; fileRef = B11063B31F41ABC6003E5814 /* Navigation.swift */; };
		B11266EB227C7AA000D68360 /* UIView+Frame.swift in Sources */ = {isa = PBXBuildFile; fileRef = B146C3B921906B8A00A1DBCD /* UIView+Frame.swift */; };
		B11266EC227C7D3900D68360 /* UIColor+HexString.swift in Sources */ = {isa = PBXBuildFile; fileRef = B146C3C121908FB900A1DBCD /* UIColor+HexString.swift */; };
		B1212A252321643800B43379 /* AccessibleButton.swift in Sources */ = {isa = PBXBuildFile; fileRef = B1212A242321643800B43379 /* AccessibleButton.swift */; };
		B12BD5E01C48052000D07A58 /* LoadingButton.swift in Sources */ = {isa = PBXBuildFile; fileRef = B12BD5DF1C48052000D07A58 /* LoadingButton.swift */; };
		B13778DD20289820006FE6D5 /* UIView+AutoLayout.swift in Sources */ = {isa = PBXBuildFile; fileRef = B13778DC20289820006FE6D5 /* UIView+AutoLayout.swift */; };
		B137792F2029F1F3006FE6D5 /* MapView+Fitting.swift in Sources */ = {isa = PBXBuildFile; fileRef = B137792E2029F1F3006FE6D5 /* MapView+Fitting.swift */; };
		B13779302029F1F3006FE6D5 /* MapView+Fitting.swift in Sources */ = {isa = PBXBuildFile; fileRef = B137792E2029F1F3006FE6D5 /* MapView+Fitting.swift */; };
		B13779322029F7EF006FE6D5 /* JSONSerialization+FromFile.swift in Sources */ = {isa = PBXBuildFile; fileRef = B13779312029F7EF006FE6D5 /* JSONSerialization+FromFile.swift */; };
		B13779332029F7EF006FE6D5 /* JSONSerialization+FromFile.swift in Sources */ = {isa = PBXBuildFile; fileRef = B13779312029F7EF006FE6D5 /* JSONSerialization+FromFile.swift */; };
		B146C3B221904B4E00A1DBCD /* UIImage+Conversion.swift in Sources */ = {isa = PBXBuildFile; fileRef = B146C3B121904B4E00A1DBCD /* UIImage+Conversion.swift */; };
		B146C3B4219055BB00A1DBCD /* UIImage+RoundedCorners.swift in Sources */ = {isa = PBXBuildFile; fileRef = B146C3B3219055BB00A1DBCD /* UIImage+RoundedCorners.swift */; };
		B146C3B62190570C00A1DBCD /* UIImage+Resize.swift in Sources */ = {isa = PBXBuildFile; fileRef = B146C3B52190570C00A1DBCD /* UIImage+Resize.swift */; };
		B146C3BA21906B8A00A1DBCD /* UIView+Frame.swift in Sources */ = {isa = PBXBuildFile; fileRef = B146C3B921906B8A00A1DBCD /* UIView+Frame.swift */; };
		B146C3BC219071F700A1DBCD /* UIView+Pop.swift in Sources */ = {isa = PBXBuildFile; fileRef = B146C3BB219071F700A1DBCD /* UIView+Pop.swift */; };
		B146C3BE21908A6700A1DBCD /* UILabel+SizeToFit.swift in Sources */ = {isa = PBXBuildFile; fileRef = B146C3BD21908A6700A1DBCD /* UILabel+SizeToFit.swift */; };
		B146C3C021908AFA00A1DBCD /* CAGradientLayer+AutoGradient.swift in Sources */ = {isa = PBXBuildFile; fileRef = B146C3BF21908AFA00A1DBCD /* CAGradientLayer+AutoGradient.swift */; };
		B146C3C221908FB900A1DBCD /* UIColor+HexString.swift in Sources */ = {isa = PBXBuildFile; fileRef = B146C3C121908FB900A1DBCD /* UIColor+HexString.swift */; };
		B146C3CE2190978900A1DBCD /* UIColorHexStringTests.swift in Sources */ = {isa = PBXBuildFile; fileRef = B146C3CD2190978900A1DBCD /* UIColorHexStringTests.swift */; };
		B146C3CF2190978F00A1DBCD /* UIColor+HexString.swift in Sources */ = {isa = PBXBuildFile; fileRef = B146C3C121908FB900A1DBCD /* UIColor+HexString.swift */; };
		B146C3D12190A1AC00A1DBCD /* UIColor+Helpers.swift in Sources */ = {isa = PBXBuildFile; fileRef = B146C3D02190A1AC00A1DBCD /* UIColor+Helpers.swift */; };
		B146C3E22191CB2400A1DBCD /* UIWindow+VisibleViewController.swift in Sources */ = {isa = PBXBuildFile; fileRef = B146C3E12191CB2400A1DBCD /* UIWindow+VisibleViewController.swift */; };
		B146C3E42191D36A00A1DBCD /* UIViewController+DismissAnimated.swift in Sources */ = {isa = PBXBuildFile; fileRef = B146C3E32191D36A00A1DBCD /* UIViewController+DismissAnimated.swift */; };
		B146C3F12191E15A00A1DBCD /* UITabBarController+EasyInit.swift in Sources */ = {isa = PBXBuildFile; fileRef = B146C3F02191E15A00A1DBCD /* UITabBarController+EasyInit.swift */; };
		B146C3F32191E47600A1DBCD /* NSDateFormatter+Strftime.swift in Sources */ = {isa = PBXBuildFile; fileRef = B146C3F22191E47600A1DBCD /* NSDateFormatter+Strftime.swift */; };
		B152AC501F20BF020079372B /* DateHelpers.swift in Sources */ = {isa = PBXBuildFile; fileRef = B152AC4F1F20BF020079372B /* DateHelpers.swift */; };
		B15C0E241D3628DC00F2C6E1 /* Notifier.swift in Sources */ = {isa = PBXBuildFile; fileRef = B15C0E231D3628DC00F2C6E1 /* Notifier.swift */; };
		B16234D21C91F775001669BA /* ThunderBasicsMac.h in Headers */ = {isa = PBXBuildFile; fileRef = B16234D11C91F775001669BA /* ThunderBasicsMac.h */; settings = {ATTRIBUTES = (Public, ); }; };
		B16234EC1C91FA3C001669BA /* NSObject+AddedProperties.h in Headers */ = {isa = PBXBuildFile; fileRef = B1B6CF891C4E47DB00CDC978 /* NSObject+AddedProperties.h */; settings = {ATTRIBUTES = (Public, ); }; };
		B163D2FE1FB33F6C00BF4CEC /* DynamicFont.swift in Sources */ = {isa = PBXBuildFile; fileRef = B163D2FD1FB33F6C00BF4CEC /* DynamicFont.swift */; };
		B1740ACF24B5BDCF00915122 /* nyt.jpg in Resources */ = {isa = PBXBuildFile; fileRef = B1740ACE24B5BDCF00915122 /* nyt.jpg */; };
		B1898CD1230D7A9000A1F5D1 /* AccessibilityRefreshingViewController.swift in Sources */ = {isa = PBXBuildFile; fileRef = B1898CD0230D7A9000A1F5D1 /* AccessibilityRefreshingViewController.swift */; };
		B190A858228DBCB600E44821 /* ThunderBasicsTests_macOS.swift in Sources */ = {isa = PBXBuildFile; fileRef = B190A857228DBCB600E44821 /* ThunderBasicsTests_macOS.swift */; };
		B190A85A228DBCB600E44821 /* ThunderBasics.framework in Frameworks */ = {isa = PBXBuildFile; fileRef = B16234AB1C91F5E3001669BA /* ThunderBasics.framework */; };
		B190A860228DBE6000E44821 /* UIColorHexStringTests.swift in Sources */ = {isa = PBXBuildFile; fileRef = B146C3CD2190978900A1DBCD /* UIColorHexStringTests.swift */; };
		B190A861228DBE6300E44821 /* Locale+ISO639_2Tests.swift in Sources */ = {isa = PBXBuildFile; fileRef = 980AE268220AFD8C00540E8E /* Locale+ISO639_2Tests.swift */; };
		B190A862228DC6E400E44821 /* Locale+ISO639_2.swift in Sources */ = {isa = PBXBuildFile; fileRef = 980AE1D32208968800540E8E /* Locale+ISO639_2.swift */; };
		B190A863228DC6E700E44821 /* iso639_2.bundle in Resources */ = {isa = PBXBuildFile; fileRef = 980AE1D5220896A700540E8E /* iso639_2.bundle */; };
		B19C53371D8B458B00B30A35 /* DesignableView.swift in Sources */ = {isa = PBXBuildFile; fileRef = B1B6CFA71C4E5BC300CDC978 /* DesignableView.swift */; };
		B1AB3E762513BA6600E6823D /* main.swift in Sources */ = {isa = PBXBuildFile; fileRef = B1AB3E752513BA6600E6823D /* main.swift */; };
		B1B6CF8D1C4E47DB00CDC978 /* NSObject+AddedProperties.h in Headers */ = {isa = PBXBuildFile; fileRef = B1B6CF891C4E47DB00CDC978 /* NSObject+AddedProperties.h */; settings = {ATTRIBUTES = (Public, ); }; };
		B1B6CF8E1C4E47DB00CDC978 /* NSObject+AddedProperties.m in Sources */ = {isa = PBXBuildFile; fileRef = B1B6CF8A1C4E47DB00CDC978 /* NSObject+AddedProperties.m */; };
		B1B6CFA81C4E5BC300CDC978 /* DesignableView.swift in Sources */ = {isa = PBXBuildFile; fileRef = B1B6CFA71C4E5BC300CDC978 /* DesignableView.swift */; };
		B1D15F6B2360A18D0086E23F /* CarouselAccessibilityElement.swift in Sources */ = {isa = PBXBuildFile; fileRef = B1D15F6A2360A18D0086E23F /* CarouselAccessibilityElement.swift */; };
		B1D85F7C1DA43B6E00469588 /* NSObject+AddedProperties.m in Sources */ = {isa = PBXBuildFile; fileRef = B1B6CF8A1C4E47DB00CDC978 /* NSObject+AddedProperties.m */; };
		B1D8A8572514C4C7005C02F6 /* IBMigrationToolTests.swift in Sources */ = {isa = PBXBuildFile; fileRef = B1D8A8562514C4C7005C02F6 /* IBMigrationToolTests.swift */; };
		B1D8A8632514C54D005C02F6 /* InterfaceBuilderFileMigrator.swift in Sources */ = {isa = PBXBuildFile; fileRef = B1D8A8622514C54D005C02F6 /* InterfaceBuilderFileMigrator.swift */; };
		B1D8A8642514C54D005C02F6 /* InterfaceBuilderFileMigrator.swift in Sources */ = {isa = PBXBuildFile; fileRef = B1D8A8622514C54D005C02F6 /* InterfaceBuilderFileMigrator.swift */; };
		B1D8A8802514C794005C02F6 /* TestStoryboard.xml in Resources */ = {isa = PBXBuildFile; fileRef = B1D8A87F2514C794005C02F6 /* TestStoryboard.xml */; };
		B1D8A89A2514CDA3005C02F6 /* TestStoryboard-Migrated.xml in Resources */ = {isa = PBXBuildFile; fileRef = B1D8A8992514CDA3005C02F6 /* TestStoryboard-Migrated.xml */; };
		B1E6FC20218B608C00971DC3 /* HUDActivityView.swift in Sources */ = {isa = PBXBuildFile; fileRef = B1E6FC1F218B608C00971DC3 /* HUDActivityView.swift */; };
		B1E6FC2B218C4EF100971DC3 /* CoreSpotlightIndexable.swift in Sources */ = {isa = PBXBuildFile; fileRef = B1E6FC2A218C4EF100971DC3 /* CoreSpotlightIndexable.swift */; };
		B1E6FC2D218C510400971DC3 /* SingleRequestLocationManager.swift in Sources */ = {isa = PBXBuildFile; fileRef = B1E6FC2C218C510400971DC3 /* SingleRequestLocationManager.swift */; };
		B1E6FC2E218C510400971DC3 /* SingleRequestLocationManager.swift in Sources */ = {isa = PBXBuildFile; fileRef = B1E6FC2C218C510400971DC3 /* SingleRequestLocationManager.swift */; };
		B1E6FC30218C5D3600971DC3 /* Toast.swift in Sources */ = {isa = PBXBuildFile; fileRef = B1E6FC2F218C5D3600971DC3 /* Toast.swift */; };
		B1E6FC32218C5D9A00971DC3 /* ToastView.swift in Sources */ = {isa = PBXBuildFile; fileRef = B1E6FC31218C5D9A00971DC3 /* ToastView.swift */; };
		B1E6FC34218C65B300971DC3 /* ToastViewController.swift in Sources */ = {isa = PBXBuildFile; fileRef = B1E6FC33218C65B300971DC3 /* ToastViewController.swift */; };
		B1E6FC36218C6BC000971DC3 /* ToastNotificationController.swift in Sources */ = {isa = PBXBuildFile; fileRef = B1E6FC35218C6BC000971DC3 /* ToastNotificationController.swift */; };
		B1E6FC47218C70FE00971DC3 /* UIImage+ColorAnalysis.swift in Sources */ = {isa = PBXBuildFile; fileRef = B1E6FC46218C70FE00971DC3 /* UIImage+ColorAnalysis.swift */; };
		B1E6FC49218C729500971DC3 /* UIColor+Comparison.swift in Sources */ = {isa = PBXBuildFile; fileRef = B1E6FC48218C729500971DC3 /* UIColor+Comparison.swift */; };
		B1E6FC4B218CAA8800971DC3 /* UIImage+Effects.swift in Sources */ = {isa = PBXBuildFile; fileRef = B1E6FC4A218CAA8800971DC3 /* UIImage+Effects.swift */; };
		B1E6FC4D218CABF900971DC3 /* UIImage+Crop.swift in Sources */ = {isa = PBXBuildFile; fileRef = B1E6FC4C218CABF900971DC3 /* UIImage+Crop.swift */; };
		B1EDB93D24B3821000B427A6 /* ImageColorAnalysisTests.swift in Sources */ = {isa = PBXBuildFile; fileRef = B1EDB93C24B3821000B427A6 /* ImageColorAnalysisTests.swift */; };
		B1EDB93F24B3828D00B427A6 /* flowers.jpg in Resources */ = {isa = PBXBuildFile; fileRef = B1EDB93E24B3828D00B427A6 /* flowers.jpg */; };
		B1EDB94624B3B8B500B427A6 /* nonEdgePrimary.png in Resources */ = {isa = PBXBuildFile; fileRef = B1EDB94524B3B8B500B427A6 /* nonEdgePrimary.png */; };
		B1EDB94A24B3C40300B427A6 /* colouredBg.png in Resources */ = {isa = PBXBuildFile; fileRef = B1EDB94924B3C40300B427A6 /* colouredBg.png */; };
		B1EDB94C24B3C7D400B427A6 /* 3scLogo.png in Resources */ = {isa = PBXBuildFile; fileRef = B1EDB94B24B3C7D400B427A6 /* 3scLogo.png */; };
		B1EDB94E24B4604300B427A6 /* jacksonPollock.jpg in Resources */ = {isa = PBXBuildFile; fileRef = B1EDB94D24B4604200B427A6 /* jacksonPollock.jpg */; };
		B1EDB95524B47CE200B427A6 /* vincent.jpg in Resources */ = {isa = PBXBuildFile; fileRef = B1EDB95424B47CE100B427A6 /* vincent.jpg */; };
		B1EDB95824B48A4200B427A6 /* arcLogo.jpg in Resources */ = {isa = PBXBuildFile; fileRef = B1EDB95724B48A4200B427A6 /* arcLogo.jpg */; };
		B1EDB95A24B4939D00B427A6 /* camrote.png in Resources */ = {isa = PBXBuildFile; fileRef = B1EDB95924B4939D00B427A6 /* camrote.png */; };
		B1FA1795230EE22C00AB9891 /* UIView+IntrinsicContentSize.swift in Sources */ = {isa = PBXBuildFile; fileRef = B1FA1794230EE22C00AB9891 /* UIView+IntrinsicContentSize.swift */; };
		B811830F246070E200D0EC88 /* DateFormatterExtensionsTests.swift in Sources */ = {isa = PBXBuildFile; fileRef = B811830E246070E200D0EC88 /* DateFormatterExtensionsTests.swift */; };
		B834865923D9E47A00F52BA6 /* UIEdgeInsets+Extensions.swift in Sources */ = {isa = PBXBuildFile; fileRef = B834865823D9E47A00F52BA6 /* UIEdgeInsets+Extensions.swift */; };
		B834865D23D9E62E00F52BA6 /* DateFormatter+Extensions.swift in Sources */ = {isa = PBXBuildFile; fileRef = B834865C23D9E62E00F52BA6 /* DateFormatter+Extensions.swift */; };
		B834865F23D9E89F00F52BA6 /* String+Extensions.swift in Sources */ = {isa = PBXBuildFile; fileRef = B834865E23D9E89F00F52BA6 /* String+Extensions.swift */; };
		B834866123D9E93B00F52BA6 /* UIView+Shadow.swift in Sources */ = {isa = PBXBuildFile; fileRef = B834866023D9E93B00F52BA6 /* UIView+Shadow.swift */; };
		C272EFE819C8325D004BD339 /* ThunderBasics.h in Headers */ = {isa = PBXBuildFile; fileRef = C272EFB919C8325D004BD339 /* ThunderBasics.h */; settings = {ATTRIBUTES = (Public, ); }; };
/* End PBXBuildFile section */

/* Begin PBXContainerItemProxy section */
		B190A85B228DBCB600E44821 /* PBXContainerItemProxy */ = {
			isa = PBXContainerItemProxy;
			containerPortal = C272EF7B19C831AB004BD339 /* Project object */;
			proxyType = 1;
			remoteGlobalIDString = B16234AA1C91F5E3001669BA;
			remoteInfo = "ThunderBasics-macOS";
		};
/* End PBXContainerItemProxy section */

/* Begin PBXCopyFilesBuildPhase section */
		B1AB3E712513BA6600E6823D /* CopyFiles */ = {
			isa = PBXCopyFilesBuildPhase;
			buildActionMask = 2147483647;
			dstPath = /usr/share/man/man1/;
			dstSubfolderSpec = 0;
			files = (
			);
			runOnlyForDeploymentPostprocessing = 1;
		};
/* End PBXCopyFilesBuildPhase section */

/* Begin PBXFileReference section */
		49CF131F1AB6D87900AA5971 /* TSCiCloudController.h */ = {isa = PBXFileReference; fileEncoding = 4; lastKnownFileType = sourcecode.c.h; path = TSCiCloudController.h; sourceTree = "<group>"; };
		49CF13201AB6D87900AA5971 /* TSCiCloudController.m */ = {isa = PBXFileReference; fileEncoding = 4; lastKnownFileType = sourcecode.c.objc; path = TSCiCloudController.m; sourceTree = "<group>"; };
		49CF13241AB6D88A00AA5971 /* TSCContactsController.h */ = {isa = PBXFileReference; fileEncoding = 4; lastKnownFileType = sourcecode.c.h; path = TSCContactsController.h; sourceTree = "<group>"; };
		49CF13251AB6D88A00AA5971 /* TSCContactsController.m */ = {isa = PBXFileReference; fileEncoding = 4; lastKnownFileType = sourcecode.c.objc; path = TSCContactsController.m; sourceTree = "<group>"; };
		49CF13261AB6D88A00AA5971 /* TSCPerson.h */ = {isa = PBXFileReference; fileEncoding = 4; lastKnownFileType = sourcecode.c.h; path = TSCPerson.h; sourceTree = "<group>"; };
		49CF13271AB6D88A00AA5971 /* TSCPerson.m */ = {isa = PBXFileReference; fileEncoding = 4; lastKnownFileType = sourcecode.c.objc; path = TSCPerson.m; sourceTree = "<group>"; };
		980AE1D32208968800540E8E /* Locale+ISO639_2.swift */ = {isa = PBXFileReference; lastKnownFileType = sourcecode.swift; path = "Locale+ISO639_2.swift"; sourceTree = "<group>"; };
		980AE1D5220896A700540E8E /* iso639_2.bundle */ = {isa = PBXFileReference; lastKnownFileType = "wrapper.plug-in"; path = iso639_2.bundle; sourceTree = "<group>"; };
		980AE268220AFD8C00540E8E /* Locale+ISO639_2Tests.swift */ = {isa = PBXFileReference; lastKnownFileType = sourcecode.swift; path = "Locale+ISO639_2Tests.swift"; sourceTree = "<group>"; };
		B100A84824C9AF6800562777 /* MultipleShadowView.swift */ = {isa = PBXFileReference; fileEncoding = 4; lastKnownFileType = sourcecode.swift; path = MultipleShadowView.swift; sourceTree = "<group>"; };
		B100A84A24C9AF6C00562777 /* ShadowComponents.swift */ = {isa = PBXFileReference; fileEncoding = 4; lastKnownFileType = sourcecode.swift; path = ShadowComponents.swift; sourceTree = "<group>"; };
		B100A84C24C9AF7300562777 /* CALayer+CornerCurve.swift */ = {isa = PBXFileReference; fileEncoding = 4; lastKnownFileType = sourcecode.swift; path = "CALayer+CornerCurve.swift"; sourceTree = "<group>"; };
		B100A84D24C9AF7400562777 /* CALayer+Shadow.swift */ = {isa = PBXFileReference; fileEncoding = 4; lastKnownFileType = sourcecode.swift; path = "CALayer+Shadow.swift"; sourceTree = "<group>"; };
		B100A84E24C9AF7400562777 /* UIView+CornerCurve.swift */ = {isa = PBXFileReference; fileEncoding = 4; lastKnownFileType = sourcecode.swift; path = "UIView+CornerCurve.swift"; sourceTree = "<group>"; };
		B100A85024C9AF7400562777 /* UIView+MultipleShadows.swift */ = {isa = PBXFileReference; fileEncoding = 4; lastKnownFileType = sourcecode.swift; path = "UIView+MultipleShadows.swift"; sourceTree = "<group>"; };
		B10F06C224B4B3EA00B3F8BC /* nebraska.jpg */ = {isa = PBXFileReference; lastKnownFileType = image.jpeg; path = nebraska.jpg; sourceTree = "<group>"; };
		B10F06C424B4C01300B3F8BC /* mit.png */ = {isa = PBXFileReference; lastKnownFileType = image.png; path = mit.png; sourceTree = "<group>"; };
		B11063B31F41ABC6003E5814 /* Navigation.swift */ = {isa = PBXFileReference; fileEncoding = 4; lastKnownFileType = sourcecode.swift; path = Navigation.swift; sourceTree = "<group>"; };
		B1212A242321643800B43379 /* AccessibleButton.swift */ = {isa = PBXFileReference; lastKnownFileType = sourcecode.swift; path = AccessibleButton.swift; sourceTree = "<group>"; };
		B12BD5DF1C48052000D07A58 /* LoadingButton.swift */ = {isa = PBXFileReference; fileEncoding = 4; lastKnownFileType = sourcecode.swift; path = LoadingButton.swift; sourceTree = "<group>"; };
		B13778DC20289820006FE6D5 /* UIView+AutoLayout.swift */ = {isa = PBXFileReference; lastKnownFileType = sourcecode.swift; path = "UIView+AutoLayout.swift"; sourceTree = "<group>"; };
		B137792E2029F1F3006FE6D5 /* MapView+Fitting.swift */ = {isa = PBXFileReference; lastKnownFileType = sourcecode.swift; path = "MapView+Fitting.swift"; sourceTree = "<group>"; };
		B13779312029F7EF006FE6D5 /* JSONSerialization+FromFile.swift */ = {isa = PBXFileReference; lastKnownFileType = sourcecode.swift; path = "JSONSerialization+FromFile.swift"; sourceTree = "<group>"; };
		B146C3B121904B4E00A1DBCD /* UIImage+Conversion.swift */ = {isa = PBXFileReference; lastKnownFileType = sourcecode.swift; path = "UIImage+Conversion.swift"; sourceTree = "<group>"; };
		B146C3B3219055BB00A1DBCD /* UIImage+RoundedCorners.swift */ = {isa = PBXFileReference; lastKnownFileType = sourcecode.swift; path = "UIImage+RoundedCorners.swift"; sourceTree = "<group>"; };
		B146C3B52190570C00A1DBCD /* UIImage+Resize.swift */ = {isa = PBXFileReference; lastKnownFileType = sourcecode.swift; path = "UIImage+Resize.swift"; sourceTree = "<group>"; };
		B146C3B921906B8A00A1DBCD /* UIView+Frame.swift */ = {isa = PBXFileReference; lastKnownFileType = sourcecode.swift; path = "UIView+Frame.swift"; sourceTree = "<group>"; };
		B146C3BB219071F700A1DBCD /* UIView+Pop.swift */ = {isa = PBXFileReference; lastKnownFileType = sourcecode.swift; path = "UIView+Pop.swift"; sourceTree = "<group>"; };
		B146C3BD21908A6700A1DBCD /* UILabel+SizeToFit.swift */ = {isa = PBXFileReference; lastKnownFileType = sourcecode.swift; path = "UILabel+SizeToFit.swift"; sourceTree = "<group>"; };
		B146C3BF21908AFA00A1DBCD /* CAGradientLayer+AutoGradient.swift */ = {isa = PBXFileReference; lastKnownFileType = sourcecode.swift; path = "CAGradientLayer+AutoGradient.swift"; sourceTree = "<group>"; };
		B146C3C121908FB900A1DBCD /* UIColor+HexString.swift */ = {isa = PBXFileReference; lastKnownFileType = sourcecode.swift; path = "UIColor+HexString.swift"; sourceTree = "<group>"; };
		B146C3CD2190978900A1DBCD /* UIColorHexStringTests.swift */ = {isa = PBXFileReference; lastKnownFileType = sourcecode.swift; path = UIColorHexStringTests.swift; sourceTree = "<group>"; };
		B146C3D02190A1AC00A1DBCD /* UIColor+Helpers.swift */ = {isa = PBXFileReference; lastKnownFileType = sourcecode.swift; path = "UIColor+Helpers.swift"; sourceTree = "<group>"; };
		B146C3E12191CB2400A1DBCD /* UIWindow+VisibleViewController.swift */ = {isa = PBXFileReference; lastKnownFileType = sourcecode.swift; path = "UIWindow+VisibleViewController.swift"; sourceTree = "<group>"; };
		B146C3E32191D36A00A1DBCD /* UIViewController+DismissAnimated.swift */ = {isa = PBXFileReference; lastKnownFileType = sourcecode.swift; path = "UIViewController+DismissAnimated.swift"; sourceTree = "<group>"; };
		B146C3F02191E15A00A1DBCD /* UITabBarController+EasyInit.swift */ = {isa = PBXFileReference; lastKnownFileType = sourcecode.swift; path = "UITabBarController+EasyInit.swift"; sourceTree = "<group>"; };
		B146C3F22191E47600A1DBCD /* NSDateFormatter+Strftime.swift */ = {isa = PBXFileReference; lastKnownFileType = sourcecode.swift; path = "NSDateFormatter+Strftime.swift"; sourceTree = "<group>"; };
		B152AC4F1F20BF020079372B /* DateHelpers.swift */ = {isa = PBXFileReference; fileEncoding = 4; lastKnownFileType = sourcecode.swift; path = DateHelpers.swift; sourceTree = "<group>"; };
		B15C0E231D3628DC00F2C6E1 /* Notifier.swift */ = {isa = PBXFileReference; fileEncoding = 4; lastKnownFileType = sourcecode.swift; path = Notifier.swift; sourceTree = "<group>"; };
		B16234AB1C91F5E3001669BA /* ThunderBasics.framework */ = {isa = PBXFileReference; explicitFileType = wrapper.framework; includeInIndex = 0; path = ThunderBasics.framework; sourceTree = BUILT_PRODUCTS_DIR; };
		B16234C41C91F625001669BA /* Info.plist */ = {isa = PBXFileReference; fileEncoding = 4; lastKnownFileType = text.plist.xml; path = Info.plist; sourceTree = "<group>"; };
		B16234D11C91F775001669BA /* ThunderBasicsMac.h */ = {isa = PBXFileReference; fileEncoding = 4; lastKnownFileType = sourcecode.c.h; path = ThunderBasicsMac.h; sourceTree = "<group>"; };
		B163D2FD1FB33F6C00BF4CEC /* DynamicFont.swift */ = {isa = PBXFileReference; lastKnownFileType = sourcecode.swift; path = DynamicFont.swift; sourceTree = "<group>"; };
		B1740ACE24B5BDCF00915122 /* nyt.jpg */ = {isa = PBXFileReference; lastKnownFileType = image.jpeg; path = nyt.jpg; sourceTree = "<group>"; };
		B1898CD0230D7A9000A1F5D1 /* AccessibilityRefreshingViewController.swift */ = {isa = PBXFileReference; lastKnownFileType = sourcecode.swift; path = AccessibilityRefreshingViewController.swift; sourceTree = "<group>"; };
		B190A855228DBCB600E44821 /* ThunderBasicsTests-macOS.xctest */ = {isa = PBXFileReference; explicitFileType = wrapper.cfbundle; includeInIndex = 0; path = "ThunderBasicsTests-macOS.xctest"; sourceTree = BUILT_PRODUCTS_DIR; };
		B190A857228DBCB600E44821 /* ThunderBasicsTests_macOS.swift */ = {isa = PBXFileReference; lastKnownFileType = sourcecode.swift; path = ThunderBasicsTests_macOS.swift; sourceTree = "<group>"; };
		B190A859228DBCB600E44821 /* Info.plist */ = {isa = PBXFileReference; lastKnownFileType = text.plist.xml; path = Info.plist; sourceTree = "<group>"; };
		B1AB3E732513BA6600E6823D /* IBMigrationTool */ = {isa = PBXFileReference; explicitFileType = "compiled.mach-o.executable"; includeInIndex = 0; path = IBMigrationTool; sourceTree = BUILT_PRODUCTS_DIR; };
		B1AB3E752513BA6600E6823D /* main.swift */ = {isa = PBXFileReference; lastKnownFileType = sourcecode.swift; path = main.swift; sourceTree = "<group>"; };
		B1B6CF891C4E47DB00CDC978 /* NSObject+AddedProperties.h */ = {isa = PBXFileReference; fileEncoding = 4; lastKnownFileType = sourcecode.c.h; path = "NSObject+AddedProperties.h"; sourceTree = "<group>"; };
		B1B6CF8A1C4E47DB00CDC978 /* NSObject+AddedProperties.m */ = {isa = PBXFileReference; fileEncoding = 4; lastKnownFileType = sourcecode.c.objc; path = "NSObject+AddedProperties.m"; sourceTree = "<group>"; };
		B1B6CFA71C4E5BC300CDC978 /* DesignableView.swift */ = {isa = PBXFileReference; fileEncoding = 4; lastKnownFileType = sourcecode.swift; path = DesignableView.swift; sourceTree = "<group>"; };
		B1D15F6A2360A18D0086E23F /* CarouselAccessibilityElement.swift */ = {isa = PBXFileReference; lastKnownFileType = sourcecode.swift; path = CarouselAccessibilityElement.swift; sourceTree = "<group>"; };
		B1D8A8542514C4C7005C02F6 /* IBMigrationToolTests.xctest */ = {isa = PBXFileReference; explicitFileType = wrapper.cfbundle; includeInIndex = 0; path = IBMigrationToolTests.xctest; sourceTree = BUILT_PRODUCTS_DIR; };
		B1D8A8562514C4C7005C02F6 /* IBMigrationToolTests.swift */ = {isa = PBXFileReference; lastKnownFileType = sourcecode.swift; path = IBMigrationToolTests.swift; sourceTree = "<group>"; };
		B1D8A8582514C4C7005C02F6 /* Info.plist */ = {isa = PBXFileReference; lastKnownFileType = text.plist.xml; path = Info.plist; sourceTree = "<group>"; };
		B1D8A8622514C54D005C02F6 /* InterfaceBuilderFileMigrator.swift */ = {isa = PBXFileReference; lastKnownFileType = sourcecode.swift; path = InterfaceBuilderFileMigrator.swift; sourceTree = "<group>"; };
		B1D8A87F2514C794005C02F6 /* TestStoryboard.xml */ = {isa = PBXFileReference; lastKnownFileType = text.xml; path = TestStoryboard.xml; sourceTree = "<group>"; };
		B1D8A8992514CDA3005C02F6 /* TestStoryboard-Migrated.xml */ = {isa = PBXFileReference; fileEncoding = 4; lastKnownFileType = text.xml; path = "TestStoryboard-Migrated.xml"; sourceTree = "<group>"; };
		B1E6FC1F218B608C00971DC3 /* HUDActivityView.swift */ = {isa = PBXFileReference; lastKnownFileType = sourcecode.swift; path = HUDActivityView.swift; sourceTree = "<group>"; };
		B1E6FC2A218C4EF100971DC3 /* CoreSpotlightIndexable.swift */ = {isa = PBXFileReference; lastKnownFileType = sourcecode.swift; path = CoreSpotlightIndexable.swift; sourceTree = "<group>"; };
		B1E6FC2C218C510400971DC3 /* SingleRequestLocationManager.swift */ = {isa = PBXFileReference; lastKnownFileType = sourcecode.swift; path = SingleRequestLocationManager.swift; sourceTree = "<group>"; };
		B1E6FC2F218C5D3600971DC3 /* Toast.swift */ = {isa = PBXFileReference; lastKnownFileType = sourcecode.swift; path = Toast.swift; sourceTree = "<group>"; };
		B1E6FC31218C5D9A00971DC3 /* ToastView.swift */ = {isa = PBXFileReference; lastKnownFileType = sourcecode.swift; path = ToastView.swift; sourceTree = "<group>"; };
		B1E6FC33218C65B300971DC3 /* ToastViewController.swift */ = {isa = PBXFileReference; lastKnownFileType = sourcecode.swift; path = ToastViewController.swift; sourceTree = "<group>"; };
		B1E6FC35218C6BC000971DC3 /* ToastNotificationController.swift */ = {isa = PBXFileReference; lastKnownFileType = sourcecode.swift; path = ToastNotificationController.swift; sourceTree = "<group>"; };
		B1E6FC46218C70FE00971DC3 /* UIImage+ColorAnalysis.swift */ = {isa = PBXFileReference; lastKnownFileType = sourcecode.swift; path = "UIImage+ColorAnalysis.swift"; sourceTree = "<group>"; };
		B1E6FC48218C729500971DC3 /* UIColor+Comparison.swift */ = {isa = PBXFileReference; lastKnownFileType = sourcecode.swift; path = "UIColor+Comparison.swift"; sourceTree = "<group>"; };
		B1E6FC4A218CAA8800971DC3 /* UIImage+Effects.swift */ = {isa = PBXFileReference; lastKnownFileType = sourcecode.swift; path = "UIImage+Effects.swift"; sourceTree = "<group>"; };
		B1E6FC4C218CABF900971DC3 /* UIImage+Crop.swift */ = {isa = PBXFileReference; lastKnownFileType = sourcecode.swift; path = "UIImage+Crop.swift"; sourceTree = "<group>"; };
		B1EDB93C24B3821000B427A6 /* ImageColorAnalysisTests.swift */ = {isa = PBXFileReference; lastKnownFileType = sourcecode.swift; path = ImageColorAnalysisTests.swift; sourceTree = "<group>"; };
		B1EDB93E24B3828D00B427A6 /* flowers.jpg */ = {isa = PBXFileReference; lastKnownFileType = image.jpeg; path = flowers.jpg; sourceTree = "<group>"; };
		B1EDB94524B3B8B500B427A6 /* nonEdgePrimary.png */ = {isa = PBXFileReference; lastKnownFileType = image.png; path = nonEdgePrimary.png; sourceTree = "<group>"; };
		B1EDB94924B3C40300B427A6 /* colouredBg.png */ = {isa = PBXFileReference; lastKnownFileType = image.png; path = colouredBg.png; sourceTree = "<group>"; };
		B1EDB94B24B3C7D400B427A6 /* 3scLogo.png */ = {isa = PBXFileReference; lastKnownFileType = image.png; path = 3scLogo.png; sourceTree = "<group>"; };
		B1EDB94D24B4604200B427A6 /* jacksonPollock.jpg */ = {isa = PBXFileReference; lastKnownFileType = image.jpeg; path = jacksonPollock.jpg; sourceTree = "<group>"; };
		B1EDB95424B47CE100B427A6 /* vincent.jpg */ = {isa = PBXFileReference; lastKnownFileType = image.jpeg; path = vincent.jpg; sourceTree = "<group>"; };
		B1EDB95724B48A4200B427A6 /* arcLogo.jpg */ = {isa = PBXFileReference; lastKnownFileType = image.jpeg; path = arcLogo.jpg; sourceTree = "<group>"; };
		B1EDB95924B4939D00B427A6 /* camrote.png */ = {isa = PBXFileReference; lastKnownFileType = image.png; path = camrote.png; sourceTree = "<group>"; };
		B1FA1794230EE22C00AB9891 /* UIView+IntrinsicContentSize.swift */ = {isa = PBXFileReference; lastKnownFileType = sourcecode.swift; path = "UIView+IntrinsicContentSize.swift"; sourceTree = "<group>"; };
		B811830E246070E200D0EC88 /* DateFormatterExtensionsTests.swift */ = {isa = PBXFileReference; lastKnownFileType = sourcecode.swift; path = DateFormatterExtensionsTests.swift; sourceTree = "<group>"; };
		B834865823D9E47A00F52BA6 /* UIEdgeInsets+Extensions.swift */ = {isa = PBXFileReference; lastKnownFileType = sourcecode.swift; path = "UIEdgeInsets+Extensions.swift"; sourceTree = "<group>"; };
		B834865C23D9E62E00F52BA6 /* DateFormatter+Extensions.swift */ = {isa = PBXFileReference; lastKnownFileType = sourcecode.swift; path = "DateFormatter+Extensions.swift"; sourceTree = "<group>"; };
		B834865E23D9E89F00F52BA6 /* String+Extensions.swift */ = {isa = PBXFileReference; lastKnownFileType = sourcecode.swift; path = "String+Extensions.swift"; sourceTree = "<group>"; };
		B834866023D9E93B00F52BA6 /* UIView+Shadow.swift */ = {isa = PBXFileReference; lastKnownFileType = sourcecode.swift; path = "UIView+Shadow.swift"; sourceTree = "<group>"; };
		C272EF8419C831AB004BD339 /* ThunderBasics.framework */ = {isa = PBXFileReference; explicitFileType = wrapper.framework; includeInIndex = 0; path = ThunderBasics.framework; sourceTree = BUILT_PRODUCTS_DIR; };
		C272EF8F19C831AC004BD339 /* ThunderBasicsTests.xctest */ = {isa = PBXFileReference; explicitFileType = wrapper.cfbundle; includeInIndex = 0; path = ThunderBasicsTests.xctest; sourceTree = BUILT_PRODUCTS_DIR; };
		C272EF9219C831AC004BD339 /* Info.plist */ = {isa = PBXFileReference; lastKnownFileType = text.plist.xml; path = Info.plist; sourceTree = "<group>"; };
		C272EFB019C8325D004BD339 /* Info.plist */ = {isa = PBXFileReference; fileEncoding = 4; lastKnownFileType = text.plist.xml; path = Info.plist; sourceTree = "<group>"; };
		C272EFB919C8325D004BD339 /* ThunderBasics.h */ = {isa = PBXFileReference; fileEncoding = 4; lastKnownFileType = sourcecode.c.h; path = ThunderBasics.h; sourceTree = "<group>"; };
/* End PBXFileReference section */

/* Begin PBXFrameworksBuildPhase section */
		B16234A71C91F5E3001669BA /* Frameworks */ = {
			isa = PBXFrameworksBuildPhase;
			buildActionMask = 2147483647;
			files = (
			);
			runOnlyForDeploymentPostprocessing = 0;
		};
		B190A852228DBCB600E44821 /* Frameworks */ = {
			isa = PBXFrameworksBuildPhase;
			buildActionMask = 2147483647;
			files = (
				B190A85A228DBCB600E44821 /* ThunderBasics.framework in Frameworks */,
			);
			runOnlyForDeploymentPostprocessing = 0;
		};
		B1AB3E702513BA6600E6823D /* Frameworks */ = {
			isa = PBXFrameworksBuildPhase;
			buildActionMask = 2147483647;
			files = (
			);
			runOnlyForDeploymentPostprocessing = 0;
		};
		B1D8A8512514C4C7005C02F6 /* Frameworks */ = {
			isa = PBXFrameworksBuildPhase;
			buildActionMask = 2147483647;
			files = (
			);
			runOnlyForDeploymentPostprocessing = 0;
		};
		C272EF8019C831AB004BD339 /* Frameworks */ = {
			isa = PBXFrameworksBuildPhase;
			buildActionMask = 2147483647;
			files = (
			);
			runOnlyForDeploymentPostprocessing = 0;
		};
		C272EF8C19C831AC004BD339 /* Frameworks */ = {
			isa = PBXFrameworksBuildPhase;
			buildActionMask = 2147483647;
			files = (
				980AE26B220AFF7400540E8E /* ThunderBasics.framework in Frameworks */,
			);
			runOnlyForDeploymentPostprocessing = 0;
		};
/* End PBXFrameworksBuildPhase section */

/* Begin PBXGroup section */
		49CF13231AB6D87D00AA5971 /* iCloud */ = {
			isa = PBXGroup;
			children = (
				49CF131F1AB6D87900AA5971 /* TSCiCloudController.h */,
				49CF13201AB6D87900AA5971 /* TSCiCloudController.m */,
			);
			name = iCloud;
			sourceTree = "<group>";
		};
		49CF132C1AB6D88E00AA5971 /* Contacts */ = {
			isa = PBXGroup;
			children = (
				49CF13241AB6D88A00AA5971 /* TSCContactsController.h */,
				49CF13251AB6D88A00AA5971 /* TSCContactsController.m */,
				49CF13261AB6D88A00AA5971 /* TSCPerson.h */,
				49CF13271AB6D88A00AA5971 /* TSCPerson.m */,
			);
			name = Contacts;
			sourceTree = "<group>";
		};
		49CF132D1AB6D89E00AA5971 /* Toast Notifications */ = {
			isa = PBXGroup;
			children = (
				B1E6FC2F218C5D3600971DC3 /* Toast.swift */,
				B1E6FC31218C5D9A00971DC3 /* ToastView.swift */,
				B1E6FC33218C65B300971DC3 /* ToastViewController.swift */,
				B1E6FC35218C6BC000971DC3 /* ToastNotificationController.swift */,
			);
			name = "Toast Notifications";
			sourceTree = "<group>";
		};
		49CF13401AB6DB6300AA5971 /* Helpers */ = {
			isa = PBXGroup;
			children = (
				B1B6CF951C4E484200CDC978 /* Images */,
				B1B6CF931C4E482000CDC978 /* Views and Layers */,
				B1B6CF941C4E483000CDC978 /* Colours */,
				B1B6CF971C4E488600CDC978 /* View Controllers and Windows */,
				B1B6CF961C4E487900CDC978 /* Date and Time */,
				B1B6CF891C4E47DB00CDC978 /* NSObject+AddedProperties.h */,
				B1B6CF8A1C4E47DB00CDC978 /* NSObject+AddedProperties.m */,
				B13779312029F7EF006FE6D5 /* JSONSerialization+FromFile.swift */,
				980AE1D22208965A00540E8E /* Locale Language Codes */,
				B834865823D9E47A00F52BA6 /* UIEdgeInsets+Extensions.swift */,
				B834865E23D9E89F00F52BA6 /* String+Extensions.swift */,
			);
			name = Helpers;
			sourceTree = "<group>";
		};
		49CF13531AB6E3DA00AA5971 /* Notifications */ = {
			isa = PBXGroup;
			children = (
				B15C0E231D3628DC00F2C6E1 /* Notifier.swift */,
			);
			name = Notifications;
			sourceTree = "<group>";
		};
		980AE1D22208965A00540E8E /* Locale Language Codes */ = {
			isa = PBXGroup;
			children = (
				980AE1D32208968800540E8E /* Locale+ISO639_2.swift */,
				980AE1D5220896A700540E8E /* iso639_2.bundle */,
			);
			path = "Locale Language Codes";
			sourceTree = "<group>";
		};
		980AE26A220AFF7400540E8E /* Frameworks */ = {
			isa = PBXGroup;
			children = (
			);
			name = Frameworks;
			sourceTree = "<group>";
		};
		B100A84724C9AF3C00562777 /* Shadows */ = {
			isa = PBXGroup;
			children = (
			);
			name = Shadows;
			sourceTree = "<group>";
		};
		B120905B1BBABE9500AAB2E9 /* Core Spotlighting */ = {
			isa = PBXGroup;
			children = (
				B1E6FC2A218C4EF100971DC3 /* CoreSpotlightIndexable.swift */,
			);
			name = "Core Spotlighting";
			sourceTree = "<group>";
		};
		B12BD5DE1C48043600D07A58 /* Views */ = {
			isa = PBXGroup;
			children = (
				B100A84724C9AF3C00562777 /* Shadows */,
				B1E6FC1F218B608C00971DC3 /* HUDActivityView.swift */,
				B12BD5DF1C48052000D07A58 /* LoadingButton.swift */,
				B1B6CFA71C4E5BC300CDC978 /* DesignableView.swift */,
				B100A84824C9AF6800562777 /* MultipleShadowView.swift */,
			);
			name = Views;
			sourceTree = "<group>";
		};
		B16234AC1C91F5E3001669BA /* ThunderBasicsMac */ = {
			isa = PBXGroup;
			children = (
				B16234D11C91F775001669BA /* ThunderBasicsMac.h */,
				B16234C41C91F625001669BA /* Info.plist */,
			);
			path = ThunderBasicsMac;
			sourceTree = "<group>";
		};
		B163D2FC1FB33F5100BF4CEC /* Fonts */ = {
			isa = PBXGroup;
			children = (
				B163D2FD1FB33F6C00BF4CEC /* DynamicFont.swift */,
			);
			name = Fonts;
			sourceTree = "<group>";
		};
		B1898CCF230D7A7600A1F5D1 /* Accessibility */ = {
			isa = PBXGroup;
			children = (
				B1898CD0230D7A9000A1F5D1 /* AccessibilityRefreshingViewController.swift */,
				B1212A242321643800B43379 /* AccessibleButton.swift */,
				B1D15F6A2360A18D0086E23F /* CarouselAccessibilityElement.swift */,
			);
			name = Accessibility;
			sourceTree = "<group>";
		};
		B190A856228DBCB600E44821 /* ThunderBasicsTests-macOS */ = {
			isa = PBXGroup;
			children = (
				B190A857228DBCB600E44821 /* ThunderBasicsTests_macOS.swift */,
				B190A859228DBCB600E44821 /* Info.plist */,
			);
			path = "ThunderBasicsTests-macOS";
			sourceTree = "<group>";
		};
		B1AB3E742513BA6600E6823D /* IBMigrationTool */ = {
			isa = PBXGroup;
			children = (
				B1AB3E752513BA6600E6823D /* main.swift */,
				B1D8A8622514C54D005C02F6 /* InterfaceBuilderFileMigrator.swift */,
			);
			path = IBMigrationTool;
			sourceTree = "<group>";
		};
		B1B6CF931C4E482000CDC978 /* Views and Layers */ = {
			isa = PBXGroup;
			children = (
				B100A84A24C9AF6C00562777 /* ShadowComponents.swift */,
				B100A85024C9AF7400562777 /* UIView+MultipleShadows.swift */,
				B13778DC20289820006FE6D5 /* UIView+AutoLayout.swift */,
				B146C3B921906B8A00A1DBCD /* UIView+Frame.swift */,
				B1FA1794230EE22C00AB9891 /* UIView+IntrinsicContentSize.swift */,
				B146C3BB219071F700A1DBCD /* UIView+Pop.swift */,
				B146C3BD21908A6700A1DBCD /* UILabel+SizeToFit.swift */,
				B146C3BF21908AFA00A1DBCD /* CAGradientLayer+AutoGradient.swift */,
				B100A84D24C9AF7400562777 /* CALayer+Shadow.swift */,
				B834866023D9E93B00F52BA6 /* UIView+Shadow.swift */,
				B100A84C24C9AF7300562777 /* CALayer+CornerCurve.swift */,
				B100A84E24C9AF7400562777 /* UIView+CornerCurve.swift */,
			);
			name = "Views and Layers";
			sourceTree = "<group>";
		};
		B1B6CF941C4E483000CDC978 /* Colours */ = {
			isa = PBXGroup;
			children = (
				B146C3D02190A1AC00A1DBCD /* UIColor+Helpers.swift */,
				B146C3C121908FB900A1DBCD /* UIColor+HexString.swift */,
				B1E6FC48218C729500971DC3 /* UIColor+Comparison.swift */,
			);
			name = Colours;
			sourceTree = "<group>";
		};
		B1B6CF951C4E484200CDC978 /* Images */ = {
			isa = PBXGroup;
			children = (
				B1E6FC46218C70FE00971DC3 /* UIImage+ColorAnalysis.swift */,
				B1E6FC4A218CAA8800971DC3 /* UIImage+Effects.swift */,
				B1E6FC4C218CABF900971DC3 /* UIImage+Crop.swift */,
				B146C3B121904B4E00A1DBCD /* UIImage+Conversion.swift */,
				B146C3B3219055BB00A1DBCD /* UIImage+RoundedCorners.swift */,
				B146C3B52190570C00A1DBCD /* UIImage+Resize.swift */,
			);
			name = Images;
			sourceTree = "<group>";
		};
		B1B6CF961C4E487900CDC978 /* Date and Time */ = {
			isa = PBXGroup;
			children = (
				B152AC4F1F20BF020079372B /* DateHelpers.swift */,
				B146C3F22191E47600A1DBCD /* NSDateFormatter+Strftime.swift */,
				B834865C23D9E62E00F52BA6 /* DateFormatter+Extensions.swift */,
			);
			name = "Date and Time";
			sourceTree = "<group>";
		};
		B1B6CF971C4E488600CDC978 /* View Controllers and Windows */ = {
			isa = PBXGroup;
			children = (
				B11063B31F41ABC6003E5814 /* Navigation.swift */,
				B146C3E12191CB2400A1DBCD /* UIWindow+VisibleViewController.swift */,
				B146C3E32191D36A00A1DBCD /* UIViewController+DismissAnimated.swift */,
				B146C3F02191E15A00A1DBCD /* UITabBarController+EasyInit.swift */,
			);
			name = "View Controllers and Windows";
			sourceTree = "<group>";
		};
		B1D8A8552514C4C7005C02F6 /* IBMigrationToolTests */ = {
			isa = PBXGroup;
			children = (
				B1D8A8562514C4C7005C02F6 /* IBMigrationToolTests.swift */,
				B1D8A8582514C4C7005C02F6 /* Info.plist */,
				B1D8A8992514CDA3005C02F6 /* TestStoryboard-Migrated.xml */,
				B1D8A87F2514C794005C02F6 /* TestStoryboard.xml */,
			);
			path = IBMigrationToolTests;
			sourceTree = "<group>";
		};
		B1E3C5D91B626DCC005CC1C1 /* Location Management */ = {
			isa = PBXGroup;
			children = (
				B1E6FC2C218C510400971DC3 /* SingleRequestLocationManager.swift */,
			);
			name = "Location Management";
			sourceTree = "<group>";
		};
		C272EF7A19C831AB004BD339 = {
			isa = PBXGroup;
			children = (
				C272EF8619C831AB004BD339 /* ThunderBasics */,
				C272EF9019C831AC004BD339 /* ThunderBasicsTests */,
				B16234AC1C91F5E3001669BA /* ThunderBasicsMac */,
				B190A856228DBCB600E44821 /* ThunderBasicsTests-macOS */,
				B1AB3E742513BA6600E6823D /* IBMigrationTool */,
				B1D8A8552514C4C7005C02F6 /* IBMigrationToolTests */,
				C272EF8519C831AB004BD339 /* Products */,
				980AE26A220AFF7400540E8E /* Frameworks */,
			);
			sourceTree = "<group>";
		};
		C272EF8519C831AB004BD339 /* Products */ = {
			isa = PBXGroup;
			children = (
				C272EF8419C831AB004BD339 /* ThunderBasics.framework */,
				C272EF8F19C831AC004BD339 /* ThunderBasicsTests.xctest */,
				B16234AB1C91F5E3001669BA /* ThunderBasics.framework */,
				B190A855228DBCB600E44821 /* ThunderBasicsTests-macOS.xctest */,
				B1AB3E732513BA6600E6823D /* IBMigrationTool */,
				B1D8A8542514C4C7005C02F6 /* IBMigrationToolTests.xctest */,
			);
			name = Products;
			sourceTree = "<group>";
		};
		C272EF8619C831AB004BD339 /* ThunderBasics */ = {
			isa = PBXGroup;
			children = (
				B1898CCF230D7A7600A1F5D1 /* Accessibility */,
				B163D2FC1FB33F5100BF4CEC /* Fonts */,
				C272EFB919C8325D004BD339 /* ThunderBasics.h */,
				B12BD5DE1C48043600D07A58 /* Views */,
				B120905B1BBABE9500AAB2E9 /* Core Spotlighting */,
				B1E3C5D91B626DCC005CC1C1 /* Location Management */,
				49CF13231AB6D87D00AA5971 /* iCloud */,
				49CF132C1AB6D88E00AA5971 /* Contacts */,
				49CF132D1AB6D89E00AA5971 /* Toast Notifications */,
				49CF13401AB6DB6300AA5971 /* Helpers */,
				C272F00519C832DD004BD339 /* Maps */,
				49CF13531AB6E3DA00AA5971 /* Notifications */,
				C272EF8719C831AB004BD339 /* Supporting Files */,
			);
			path = ThunderBasics;
			sourceTree = "<group>";
		};
		C272EF8719C831AB004BD339 /* Supporting Files */ = {
			isa = PBXGroup;
			children = (
				C272EFB019C8325D004BD339 /* Info.plist */,
			);
			name = "Supporting Files";
			sourceTree = "<group>";
		};
		C272EF9019C831AC004BD339 /* ThunderBasicsTests */ = {
			isa = PBXGroup;
			children = (
				C272EF9119C831AC004BD339 /* Supporting Files */,
				B146C3CD2190978900A1DBCD /* UIColorHexStringTests.swift */,
				980AE268220AFD8C00540E8E /* Locale+ISO639_2Tests.swift */,
				B811830E246070E200D0EC88 /* DateFormatterExtensionsTests.swift */,
				B1EDB93C24B3821000B427A6 /* ImageColorAnalysisTests.swift */,
			);
			path = ThunderBasicsTests;
			sourceTree = "<group>";
		};
		C272EF9119C831AC004BD339 /* Supporting Files */ = {
			isa = PBXGroup;
			children = (
				B10F06C424B4C01300B3F8BC /* mit.png */,
				B10F06C224B4B3EA00B3F8BC /* nebraska.jpg */,
				B1740ACE24B5BDCF00915122 /* nyt.jpg */,
				B1EDB95724B48A4200B427A6 /* arcLogo.jpg */,
				B1EDB95924B4939D00B427A6 /* camrote.png */,
				B1EDB94D24B4604200B427A6 /* jacksonPollock.jpg */,
				B1EDB94B24B3C7D400B427A6 /* 3scLogo.png */,
				B1EDB94924B3C40300B427A6 /* colouredBg.png */,
				B1EDB94524B3B8B500B427A6 /* nonEdgePrimary.png */,
				B1EDB93E24B3828D00B427A6 /* flowers.jpg */,
				B1EDB95424B47CE100B427A6 /* vincent.jpg */,
				C272EF9219C831AC004BD339 /* Info.plist */,
			);
			name = "Supporting Files";
			sourceTree = "<group>";
		};
		C272F00519C832DD004BD339 /* Maps */ = {
			isa = PBXGroup;
			children = (
				B137792E2029F1F3006FE6D5 /* MapView+Fitting.swift */,
			);
			name = Maps;
			sourceTree = "<group>";
		};
/* End PBXGroup section */

/* Begin PBXHeadersBuildPhase section */
		B16234A81C91F5E3001669BA /* Headers */ = {
			isa = PBXHeadersBuildPhase;
			buildActionMask = 2147483647;
			files = (
				B16234D21C91F775001669BA /* ThunderBasicsMac.h in Headers */,
				B16234EC1C91FA3C001669BA /* NSObject+AddedProperties.h in Headers */,
			);
			runOnlyForDeploymentPostprocessing = 0;
		};
		C272EF8119C831AB004BD339 /* Headers */ = {
			isa = PBXHeadersBuildPhase;
			buildActionMask = 2147483647;
			files = (
				C272EFE819C8325D004BD339 /* ThunderBasics.h in Headers */,
				49CF132A1AB6D88A00AA5971 /* TSCPerson.h in Headers */,
				49CF13211AB6D87900AA5971 /* TSCiCloudController.h in Headers */,
				49CF13281AB6D88A00AA5971 /* TSCContactsController.h in Headers */,
				B1B6CF8D1C4E47DB00CDC978 /* NSObject+AddedProperties.h in Headers */,
			);
			runOnlyForDeploymentPostprocessing = 0;
		};
/* End PBXHeadersBuildPhase section */

/* Begin PBXNativeTarget section */
		B16234AA1C91F5E3001669BA /* ThunderBasics-macOS */ = {
			isa = PBXNativeTarget;
			buildConfigurationList = B16234BC1C91F5E3001669BA /* Build configuration list for PBXNativeTarget "ThunderBasics-macOS" */;
			buildPhases = (
				B16234A61C91F5E3001669BA /* Sources */,
				B16234A71C91F5E3001669BA /* Frameworks */,
				B16234A81C91F5E3001669BA /* Headers */,
				B16234A91C91F5E3001669BA /* Resources */,
			);
			buildRules = (
			);
			dependencies = (
			);
			name = "ThunderBasics-macOS";
			productName = ThunderBasicsMac;
			productReference = B16234AB1C91F5E3001669BA /* ThunderBasics.framework */;
			productType = "com.apple.product-type.framework";
		};
		B190A854228DBCB600E44821 /* ThunderBasicsTests-macOS */ = {
			isa = PBXNativeTarget;
			buildConfigurationList = B190A85F228DBCB600E44821 /* Build configuration list for PBXNativeTarget "ThunderBasicsTests-macOS" */;
			buildPhases = (
				B190A851228DBCB600E44821 /* Sources */,
				B190A852228DBCB600E44821 /* Frameworks */,
				B190A853228DBCB600E44821 /* Resources */,
			);
			buildRules = (
			);
			dependencies = (
				B190A85C228DBCB600E44821 /* PBXTargetDependency */,
			);
			name = "ThunderBasicsTests-macOS";
			productName = "ThunderBasicsTests-macOS";
			productReference = B190A855228DBCB600E44821 /* ThunderBasicsTests-macOS.xctest */;
			productType = "com.apple.product-type.bundle.unit-test";
		};
		B1AB3E722513BA6600E6823D /* IBMigrationTool */ = {
			isa = PBXNativeTarget;
			buildConfigurationList = B1AB3E772513BA6600E6823D /* Build configuration list for PBXNativeTarget "IBMigrationTool" */;
			buildPhases = (
				B1AB3E6F2513BA6600E6823D /* Sources */,
				B1AB3E702513BA6600E6823D /* Frameworks */,
				B1AB3E712513BA6600E6823D /* CopyFiles */,
			);
			buildRules = (
			);
			dependencies = (
			);
			name = IBMigrationTool;
			productName = IBMigrationTool;
			productReference = B1AB3E732513BA6600E6823D /* IBMigrationTool */;
			productType = "com.apple.product-type.tool";
		};
		B1D8A8532514C4C7005C02F6 /* IBMigrationToolTests */ = {
			isa = PBXNativeTarget;
			buildConfigurationList = B1D8A85B2514C4C7005C02F6 /* Build configuration list for PBXNativeTarget "IBMigrationToolTests" */;
			buildPhases = (
				B1D8A8502514C4C7005C02F6 /* Sources */,
				B1D8A8512514C4C7005C02F6 /* Frameworks */,
				B1D8A8522514C4C7005C02F6 /* Resources */,
			);
			buildRules = (
			);
			dependencies = (
			);
			name = IBMigrationToolTests;
			productName = IBMigrationToolTests;
			productReference = B1D8A8542514C4C7005C02F6 /* IBMigrationToolTests.xctest */;
			productType = "com.apple.product-type.bundle.unit-test";
		};
		C272EF8319C831AB004BD339 /* ThunderBasics-iOS */ = {
			isa = PBXNativeTarget;
			buildConfigurationList = C272EF9719C831AC004BD339 /* Build configuration list for PBXNativeTarget "ThunderBasics-iOS" */;
			buildPhases = (
				C272EF7F19C831AB004BD339 /* Sources */,
				C272EF8019C831AB004BD339 /* Frameworks */,
				C272EF8119C831AB004BD339 /* Headers */,
				C272EF8219C831AB004BD339 /* Resources */,
			);
			buildRules = (
			);
			dependencies = (
			);
			name = "ThunderBasics-iOS";
			productName = ThunderBasics;
			productReference = C272EF8419C831AB004BD339 /* ThunderBasics.framework */;
			productType = "com.apple.product-type.framework";
		};
		C272EF8E19C831AC004BD339 /* ThunderBasicsTests */ = {
			isa = PBXNativeTarget;
			buildConfigurationList = C272EF9A19C831AC004BD339 /* Build configuration list for PBXNativeTarget "ThunderBasicsTests" */;
			buildPhases = (
				C272EF8B19C831AC004BD339 /* Sources */,
				C272EF8C19C831AC004BD339 /* Frameworks */,
				C272EF8D19C831AC004BD339 /* Resources */,
			);
			buildRules = (
			);
			dependencies = (
			);
			name = ThunderBasicsTests;
			productName = ThunderBasicsTests;
			productReference = C272EF8F19C831AC004BD339 /* ThunderBasicsTests.xctest */;
			productType = "com.apple.product-type.bundle.unit-test";
		};
/* End PBXNativeTarget section */

/* Begin PBXProject section */
		C272EF7B19C831AB004BD339 /* Project object */ = {
			isa = PBXProject;
			attributes = {
				BuildIndependentTargetsInParallel = YES;
				LastSwiftUpdateCheck = 1200;
				LastUpgradeCheck = 1500;
				ORGANIZATIONNAME = threesidedcube;
				TargetAttributes = {
					B16234AA1C91F5E3001669BA = {
						CreatedOnToolsVersion = 7.2.1;
						LastSwiftMigration = 0910;
					};
					B190A854228DBCB600E44821 = {
						CreatedOnToolsVersion = 10.2.1;
						ProvisioningStyle = Manual;
					};
					B1AB3E722513BA6600E6823D = {
						CreatedOnToolsVersion = 12.0;
						DevelopmentTeam = 25H7BM6YWK;
						ProvisioningStyle = Automatic;
					};
					B1D8A8532514C4C7005C02F6 = {
						CreatedOnToolsVersion = 12.0;
						DevelopmentTeam = 25H7BM6YWK;
						ProvisioningStyle = Automatic;
					};
					C272EF8319C831AB004BD339 = {
						CreatedOnToolsVersion = 6.0;
						DevelopmentTeam = P645CBFH93;
						DevelopmentTeamName = "3 Sided Cube Design Ltd";
						LastSwiftMigration = 1020;
					};
					C272EF8E19C831AC004BD339 = {
						CreatedOnToolsVersion = 6.0;
						LastSwiftMigration = 1100;
						ProvisioningStyle = Manual;
					};
				};
			};
			buildConfigurationList = C272EF7E19C831AB004BD339 /* Build configuration list for PBXProject "ThunderBasics" */;
			compatibilityVersion = "Xcode 3.2";
			developmentRegion = en;
			hasScannedForEncodings = 0;
			knownRegions = (
				en,
				Base,
			);
			mainGroup = C272EF7A19C831AB004BD339;
			productRefGroup = C272EF8519C831AB004BD339 /* Products */;
			projectDirPath = "";
			projectRoot = "";
			targets = (
				C272EF8319C831AB004BD339 /* ThunderBasics-iOS */,
				C272EF8E19C831AC004BD339 /* ThunderBasicsTests */,
				B16234AA1C91F5E3001669BA /* ThunderBasics-macOS */,
				B190A854228DBCB600E44821 /* ThunderBasicsTests-macOS */,
				B1AB3E722513BA6600E6823D /* IBMigrationTool */,
				B1D8A8532514C4C7005C02F6 /* IBMigrationToolTests */,
			);
		};
/* End PBXProject section */

/* Begin PBXResourcesBuildPhase section */
		B16234A91C91F5E3001669BA /* Resources */ = {
			isa = PBXResourcesBuildPhase;
			buildActionMask = 2147483647;
			files = (
				B190A863228DC6E700E44821 /* iso639_2.bundle in Resources */,
			);
			runOnlyForDeploymentPostprocessing = 0;
		};
		B190A853228DBCB600E44821 /* Resources */ = {
			isa = PBXResourcesBuildPhase;
			buildActionMask = 2147483647;
			files = (
			);
			runOnlyForDeploymentPostprocessing = 0;
		};
		B1D8A8522514C4C7005C02F6 /* Resources */ = {
			isa = PBXResourcesBuildPhase;
			buildActionMask = 2147483647;
			files = (
				B1D8A8802514C794005C02F6 /* TestStoryboard.xml in Resources */,
				B1D8A89A2514CDA3005C02F6 /* TestStoryboard-Migrated.xml in Resources */,
			);
			runOnlyForDeploymentPostprocessing = 0;
		};
		C272EF8219C831AB004BD339 /* Resources */ = {
			isa = PBXResourcesBuildPhase;
			buildActionMask = 2147483647;
			files = (
				980AE1D6220896A700540E8E /* iso639_2.bundle in Resources */,
			);
			runOnlyForDeploymentPostprocessing = 0;
		};
		C272EF8D19C831AC004BD339 /* Resources */ = {
			isa = PBXResourcesBuildPhase;
			buildActionMask = 2147483647;
			files = (
				B10F06C524B4C01300B3F8BC /* mit.png in Resources */,
				B1EDB94C24B3C7D400B427A6 /* 3scLogo.png in Resources */,
				B1EDB93F24B3828D00B427A6 /* flowers.jpg in Resources */,
				B1EDB95A24B4939D00B427A6 /* camrote.png in Resources */,
				B1EDB94E24B4604300B427A6 /* jacksonPollock.jpg in Resources */,
				B10F06C324B4B3EA00B3F8BC /* nebraska.jpg in Resources */,
				B1EDB94A24B3C40300B427A6 /* colouredBg.png in Resources */,
				B1EDB94624B3B8B500B427A6 /* nonEdgePrimary.png in Resources */,
				B1740ACF24B5BDCF00915122 /* nyt.jpg in Resources */,
				B1EDB95824B48A4200B427A6 /* arcLogo.jpg in Resources */,
				B1EDB95524B47CE200B427A6 /* vincent.jpg in Resources */,
			);
			runOnlyForDeploymentPostprocessing = 0;
		};
/* End PBXResourcesBuildPhase section */

/* Begin PBXSourcesBuildPhase section */
		B16234A61C91F5E3001669BA /* Sources */ = {
			isa = PBXSourcesBuildPhase;
			buildActionMask = 2147483647;
			files = (
				B1D85F7C1DA43B6E00469588 /* NSObject+AddedProperties.m in Sources */,
				B190A862228DC6E400E44821 /* Locale+ISO639_2.swift in Sources */,
				B13779302029F1F3006FE6D5 /* MapView+Fitting.swift in Sources */,
				B19C53371D8B458B00B30A35 /* DesignableView.swift in Sources */,
				B11266EB227C7AA000D68360 /* UIView+Frame.swift in Sources */,
				B13779332029F7EF006FE6D5 /* JSONSerialization+FromFile.swift in Sources */,
				B11266EC227C7D3900D68360 /* UIColor+HexString.swift in Sources */,
				B1E6FC2E218C510400971DC3 /* SingleRequestLocationManager.swift in Sources */,
			);
			runOnlyForDeploymentPostprocessing = 0;
		};
		B190A851228DBCB600E44821 /* Sources */ = {
			isa = PBXSourcesBuildPhase;
			buildActionMask = 2147483647;
			files = (
				B190A861228DBE6300E44821 /* Locale+ISO639_2Tests.swift in Sources */,
				B190A860228DBE6000E44821 /* UIColorHexStringTests.swift in Sources */,
				B190A858228DBCB600E44821 /* ThunderBasicsTests_macOS.swift in Sources */,
			);
			runOnlyForDeploymentPostprocessing = 0;
		};
		B1AB3E6F2513BA6600E6823D /* Sources */ = {
			isa = PBXSourcesBuildPhase;
			buildActionMask = 2147483647;
			files = (
				B1D8A8632514C54D005C02F6 /* InterfaceBuilderFileMigrator.swift in Sources */,
				B1AB3E762513BA6600E6823D /* main.swift in Sources */,
			);
			runOnlyForDeploymentPostprocessing = 0;
		};
		B1D8A8502514C4C7005C02F6 /* Sources */ = {
			isa = PBXSourcesBuildPhase;
			buildActionMask = 2147483647;
			files = (
				B1D8A8642514C54D005C02F6 /* InterfaceBuilderFileMigrator.swift in Sources */,
				B1D8A8572514C4C7005C02F6 /* IBMigrationToolTests.swift in Sources */,
			);
			runOnlyForDeploymentPostprocessing = 0;
		};
		C272EF7F19C831AB004BD339 /* Sources */ = {
			isa = PBXSourcesBuildPhase;
			buildActionMask = 2147483647;
			files = (
				B1E6FC30218C5D3600971DC3 /* Toast.swift in Sources */,
				B13779322029F7EF006FE6D5 /* JSONSerialization+FromFile.swift in Sources */,
				B100A85524C9AF7400562777 /* UIView+MultipleShadows.swift in Sources */,
				B1E6FC4B218CAA8800971DC3 /* UIImage+Effects.swift in Sources */,
				B1E6FC2B218C4EF100971DC3 /* CoreSpotlightIndexable.swift in Sources */,
				B1E6FC34218C65B300971DC3 /* ToastViewController.swift in Sources */,
				B146C3BC219071F700A1DBCD /* UIView+Pop.swift in Sources */,
				49CF13221AB6D87900AA5971 /* TSCiCloudController.m in Sources */,
				B1E6FC47218C70FE00971DC3 /* UIImage+ColorAnalysis.swift in Sources */,
				B1B6CFA81C4E5BC300CDC978 /* DesignableView.swift in Sources */,
				B1B6CF8E1C4E47DB00CDC978 /* NSObject+AddedProperties.m in Sources */,
				B1E6FC20218B608C00971DC3 /* HUDActivityView.swift in Sources */,
				B1E6FC4D218CABF900971DC3 /* UIImage+Crop.swift in Sources */,
				B100A84B24C9AF6C00562777 /* ShadowComponents.swift in Sources */,
				B1D15F6B2360A18D0086E23F /* CarouselAccessibilityElement.swift in Sources */,
				B146C3D12190A1AC00A1DBCD /* UIColor+Helpers.swift in Sources */,
				B146C3C021908AFA00A1DBCD /* CAGradientLayer+AutoGradient.swift in Sources */,
				B163D2FE1FB33F6C00BF4CEC /* DynamicFont.swift in Sources */,
				B146C3F12191E15A00A1DBCD /* UITabBarController+EasyInit.swift in Sources */,
				B1E6FC2D218C510400971DC3 /* SingleRequestLocationManager.swift in Sources */,
				B1FA1795230EE22C00AB9891 /* UIView+IntrinsicContentSize.swift in Sources */,
				980AE1D42208968800540E8E /* Locale+ISO639_2.swift in Sources */,
				B15C0E241D3628DC00F2C6E1 /* Notifier.swift in Sources */,
				B146C3B4219055BB00A1DBCD /* UIImage+RoundedCorners.swift in Sources */,
				B146C3BE21908A6700A1DBCD /* UILabel+SizeToFit.swift in Sources */,
				B137792F2029F1F3006FE6D5 /* MapView+Fitting.swift in Sources */,
				49CF132B1AB6D88A00AA5971 /* TSCPerson.m in Sources */,
				B1212A252321643800B43379 /* AccessibleButton.swift in Sources */,
				B834866123D9E93B00F52BA6 /* UIView+Shadow.swift in Sources */,
				B146C3B221904B4E00A1DBCD /* UIImage+Conversion.swift in Sources */,
				B13778DD20289820006FE6D5 /* UIView+AutoLayout.swift in Sources */,
				B1E6FC32218C5D9A00971DC3 /* ToastView.swift in Sources */,
				B146C3B62190570C00A1DBCD /* UIImage+Resize.swift in Sources */,
				B100A84924C9AF6800562777 /* MultipleShadowView.swift in Sources */,
				B12BD5E01C48052000D07A58 /* LoadingButton.swift in Sources */,
				B11063B41F41ABC6003E5814 /* Navigation.swift in Sources */,
				B146C3F32191E47600A1DBCD /* NSDateFormatter+Strftime.swift in Sources */,
				B146C3E42191D36A00A1DBCD /* UIViewController+DismissAnimated.swift in Sources */,
				B1E6FC49218C729500971DC3 /* UIColor+Comparison.swift in Sources */,
				B146C3BA21906B8A00A1DBCD /* UIView+Frame.swift in Sources */,
				B100A85124C9AF7400562777 /* CALayer+CornerCurve.swift in Sources */,
				B100A85224C9AF7400562777 /* CALayer+Shadow.swift in Sources */,
				B1898CD1230D7A9000A1F5D1 /* AccessibilityRefreshingViewController.swift in Sources */,
				B152AC501F20BF020079372B /* DateHelpers.swift in Sources */,
				49CF13291AB6D88A00AA5971 /* TSCContactsController.m in Sources */,
				B834865923D9E47A00F52BA6 /* UIEdgeInsets+Extensions.swift in Sources */,
				B146C3E22191CB2400A1DBCD /* UIWindow+VisibleViewController.swift in Sources */,
				B834865F23D9E89F00F52BA6 /* String+Extensions.swift in Sources */,
				B146C3C221908FB900A1DBCD /* UIColor+HexString.swift in Sources */,
				B100A85324C9AF7400562777 /* UIView+CornerCurve.swift in Sources */,
				B1E6FC36218C6BC000971DC3 /* ToastNotificationController.swift in Sources */,
				B834865D23D9E62E00F52BA6 /* DateFormatter+Extensions.swift in Sources */,
			);
			runOnlyForDeploymentPostprocessing = 0;
		};
		C272EF8B19C831AC004BD339 /* Sources */ = {
			isa = PBXSourcesBuildPhase;
			buildActionMask = 2147483647;
			files = (
				B146C3CF2190978F00A1DBCD /* UIColor+HexString.swift in Sources */,
				B146C3CE2190978900A1DBCD /* UIColorHexStringTests.swift in Sources */,
				B811830F246070E200D0EC88 /* DateFormatterExtensionsTests.swift in Sources */,
				980AE269220AFD8C00540E8E /* Locale+ISO639_2Tests.swift in Sources */,
				B1EDB93D24B3821000B427A6 /* ImageColorAnalysisTests.swift in Sources */,
			);
			runOnlyForDeploymentPostprocessing = 0;
		};
/* End PBXSourcesBuildPhase section */

/* Begin PBXTargetDependency section */
		B190A85C228DBCB600E44821 /* PBXTargetDependency */ = {
			isa = PBXTargetDependency;
			target = B16234AA1C91F5E3001669BA /* ThunderBasics-macOS */;
			targetProxy = B190A85B228DBCB600E44821 /* PBXContainerItemProxy */;
		};
/* End PBXTargetDependency section */

/* Begin XCBuildConfiguration section */
		B16234BD1C91F5E3001669BA /* Debug */ = {
			isa = XCBuildConfiguration;
			buildSettings = {
				CODE_SIGN_IDENTITY = "-";
				COMBINE_HIDPI_IMAGES = YES;
				DEAD_CODE_STRIPPING = YES;
				DEBUG_INFORMATION_FORMAT = dwarf;
				DEFINES_MODULE = YES;
				DYLIB_COMPATIBILITY_VERSION = 1;
				DYLIB_CURRENT_VERSION = 1;
				DYLIB_INSTALL_NAME_BASE = "@rpath";
				ENABLE_MODULE_VERIFIER = YES;
				FRAMEWORK_VERSION = A;
				GCC_NO_COMMON_BLOCKS = YES;
				GCC_TREAT_WARNINGS_AS_ERRORS = YES;
				INFOPLIST_FILE = ThunderBasicsMac/Info.plist;
				INSTALL_PATH = "$(LOCAL_LIBRARY_DIR)/Frameworks";
				LD_RUNPATH_SEARCH_PATHS = (
					"$(inherited)",
					"@executable_path/../Frameworks",
					"@loader_path/Frameworks",
				);
				MACH_O_TYPE = mh_dylib;
				MACOSX_DEPLOYMENT_TARGET = 11.0;
				MARKETING_VERSION = 3.2.0;
				MODULE_VERIFIER_SUPPORTED_LANGUAGES = "objective-c objective-c++";
				MODULE_VERIFIER_SUPPORTED_LANGUAGE_STANDARDS = "gnu99 gnu++11";
				PRODUCT_BUNDLE_IDENTIFIER = com.threesidedcube.ThunderBasicsMac;
				PRODUCT_NAME = ThunderBasics;
				SDKROOT = macosx;
				SKIP_INSTALL = YES;
				SWIFT_SWIFT3_OBJC_INFERENCE = Default;
				SWIFT_TREAT_WARNINGS_AS_ERRORS = YES;
				SWIFT_VERSION = 5.0;
			};
			name = Debug;
		};
		B16234BE1C91F5E3001669BA /* Release */ = {
			isa = XCBuildConfiguration;
			buildSettings = {
				CODE_SIGN_IDENTITY = "-";
				COMBINE_HIDPI_IMAGES = YES;
				COPY_PHASE_STRIP = NO;
				DEAD_CODE_STRIPPING = YES;
				DEBUG_INFORMATION_FORMAT = "dwarf-with-dsym";
				DEFINES_MODULE = YES;
				DYLIB_COMPATIBILITY_VERSION = 1;
				DYLIB_CURRENT_VERSION = 1;
				DYLIB_INSTALL_NAME_BASE = "@rpath";
				ENABLE_MODULE_VERIFIER = YES;
				FRAMEWORK_VERSION = A;
				GCC_NO_COMMON_BLOCKS = YES;
				GCC_TREAT_WARNINGS_AS_ERRORS = YES;
				INFOPLIST_FILE = ThunderBasicsMac/Info.plist;
				INSTALL_PATH = "$(LOCAL_LIBRARY_DIR)/Frameworks";
				LD_RUNPATH_SEARCH_PATHS = (
					"$(inherited)",
					"@executable_path/../Frameworks",
					"@loader_path/Frameworks",
				);
				MACH_O_TYPE = mh_dylib;
				MACOSX_DEPLOYMENT_TARGET = 11.0;
				MARKETING_VERSION = 3.2.0;
				MODULE_VERIFIER_SUPPORTED_LANGUAGES = "objective-c objective-c++";
				MODULE_VERIFIER_SUPPORTED_LANGUAGE_STANDARDS = "gnu99 gnu++11";
				PRODUCT_BUNDLE_IDENTIFIER = com.threesidedcube.ThunderBasicsMac;
				PRODUCT_NAME = ThunderBasics;
				SDKROOT = macosx;
				SKIP_INSTALL = YES;
				SWIFT_SWIFT3_OBJC_INFERENCE = Default;
				SWIFT_TREAT_WARNINGS_AS_ERRORS = YES;
				SWIFT_VERSION = 5.0;
			};
			name = Release;
		};
		B190A85D228DBCB600E44821 /* Debug */ = {
			isa = XCBuildConfiguration;
			buildSettings = {
				CLANG_ANALYZER_NONNULL = YES;
				CLANG_ANALYZER_NUMBER_OBJECT_CONVERSION = YES_AGGRESSIVE;
				CLANG_CXX_LANGUAGE_STANDARD = "gnu++14";
				CLANG_ENABLE_OBJC_WEAK = YES;
				CLANG_WARN_DOCUMENTATION_COMMENTS = YES;
				CLANG_WARN_UNGUARDED_AVAILABILITY = YES_AGGRESSIVE;
				CODE_SIGN_IDENTITY = "";
				"CODE_SIGN_IDENTITY[sdk=iphoneos*]" = "";
				CODE_SIGN_STYLE = Manual;
				COMBINE_HIDPI_IMAGES = YES;
				DEAD_CODE_STRIPPING = YES;
				DEBUG_INFORMATION_FORMAT = dwarf;
				DEVELOPMENT_TEAM = "";
				GCC_C_LANGUAGE_STANDARD = gnu11;
				INFOPLIST_FILE = "ThunderBasicsTests-macOS/Info.plist";
				LD_RUNPATH_SEARCH_PATHS = (
					"$(inherited)",
					"@executable_path/../Frameworks",
					"@loader_path/../Frameworks",
				);
				MACOSX_DEPLOYMENT_TARGET = 11.0;
				MTL_ENABLE_DEBUG_INFO = INCLUDE_SOURCE;
				MTL_FAST_MATH = YES;
				PRODUCT_BUNDLE_IDENTIFIER = "com.threesidedcube.ThunderBasicsTests-macOS";
				PRODUCT_NAME = "$(TARGET_NAME)";
				PROVISIONING_PROFILE_SPECIFIER = "";
				SDKROOT = macosx;
				SWIFT_ACTIVE_COMPILATION_CONDITIONS = DEBUG;
				SWIFT_VERSION = 5.0;
			};
			name = Debug;
		};
		B190A85E228DBCB600E44821 /* Release */ = {
			isa = XCBuildConfiguration;
			buildSettings = {
				CLANG_ANALYZER_NONNULL = YES;
				CLANG_ANALYZER_NUMBER_OBJECT_CONVERSION = YES_AGGRESSIVE;
				CLANG_CXX_LANGUAGE_STANDARD = "gnu++14";
				CLANG_ENABLE_OBJC_WEAK = YES;
				CLANG_WARN_DOCUMENTATION_COMMENTS = YES;
				CLANG_WARN_UNGUARDED_AVAILABILITY = YES_AGGRESSIVE;
				CODE_SIGN_IDENTITY = "";
				"CODE_SIGN_IDENTITY[sdk=iphoneos*]" = "";
				CODE_SIGN_STYLE = Manual;
				COMBINE_HIDPI_IMAGES = YES;
				COPY_PHASE_STRIP = NO;
				DEAD_CODE_STRIPPING = YES;
				DEBUG_INFORMATION_FORMAT = "dwarf-with-dsym";
				DEVELOPMENT_TEAM = "";
				GCC_C_LANGUAGE_STANDARD = gnu11;
				INFOPLIST_FILE = "ThunderBasicsTests-macOS/Info.plist";
				LD_RUNPATH_SEARCH_PATHS = (
					"$(inherited)",
					"@executable_path/../Frameworks",
					"@loader_path/../Frameworks",
				);
				MACOSX_DEPLOYMENT_TARGET = 11.0;
				MTL_FAST_MATH = YES;
				PRODUCT_BUNDLE_IDENTIFIER = "com.threesidedcube.ThunderBasicsTests-macOS";
				PRODUCT_NAME = "$(TARGET_NAME)";
				PROVISIONING_PROFILE_SPECIFIER = "";
				SDKROOT = macosx;
				SWIFT_VERSION = 5.0;
			};
			name = Release;
		};
		B1AB3E782513BA6600E6823D /* Debug */ = {
			isa = XCBuildConfiguration;
			buildSettings = {
				CLANG_ANALYZER_NONNULL = YES;
				CLANG_ANALYZER_NUMBER_OBJECT_CONVERSION = YES_AGGRESSIVE;
				CLANG_CXX_LANGUAGE_STANDARD = "gnu++14";
				CLANG_ENABLE_OBJC_WEAK = YES;
				CLANG_WARN_DOCUMENTATION_COMMENTS = YES;
				CLANG_WARN_QUOTED_INCLUDE_IN_FRAMEWORK_HEADER = YES;
				CLANG_WARN_UNGUARDED_AVAILABILITY = YES_AGGRESSIVE;
				CODE_SIGN_IDENTITY = "-";
				CODE_SIGN_STYLE = Automatic;
				DEAD_CODE_STRIPPING = YES;
				DEBUG_INFORMATION_FORMAT = dwarf;
				DEVELOPMENT_TEAM = 25H7BM6YWK;
				ENABLE_HARDENED_RUNTIME = YES;
				GCC_C_LANGUAGE_STANDARD = gnu11;
				MACOSX_DEPLOYMENT_TARGET = 11.0;
				MTL_ENABLE_DEBUG_INFO = INCLUDE_SOURCE;
				MTL_FAST_MATH = YES;
				PRODUCT_NAME = "$(TARGET_NAME)";
				SDKROOT = macosx;
				SWIFT_ACTIVE_COMPILATION_CONDITIONS = DEBUG;
				SWIFT_VERSION = 5.0;
			};
			name = Debug;
		};
		B1AB3E792513BA6600E6823D /* Release */ = {
			isa = XCBuildConfiguration;
			buildSettings = {
				CLANG_ANALYZER_NONNULL = YES;
				CLANG_ANALYZER_NUMBER_OBJECT_CONVERSION = YES_AGGRESSIVE;
				CLANG_CXX_LANGUAGE_STANDARD = "gnu++14";
				CLANG_ENABLE_OBJC_WEAK = YES;
				CLANG_WARN_DOCUMENTATION_COMMENTS = YES;
				CLANG_WARN_QUOTED_INCLUDE_IN_FRAMEWORK_HEADER = YES;
				CLANG_WARN_UNGUARDED_AVAILABILITY = YES_AGGRESSIVE;
				CODE_SIGN_IDENTITY = "-";
				CODE_SIGN_STYLE = Automatic;
				COPY_PHASE_STRIP = NO;
				DEAD_CODE_STRIPPING = YES;
				DEBUG_INFORMATION_FORMAT = "dwarf-with-dsym";
				DEVELOPMENT_TEAM = 25H7BM6YWK;
				ENABLE_HARDENED_RUNTIME = YES;
				GCC_C_LANGUAGE_STANDARD = gnu11;
				MACOSX_DEPLOYMENT_TARGET = 11.0;
				MTL_FAST_MATH = YES;
				PRODUCT_NAME = "$(TARGET_NAME)";
				SDKROOT = macosx;
				SWIFT_VERSION = 5.0;
			};
			name = Release;
		};
		B1D8A8592514C4C7005C02F6 /* Debug */ = {
			isa = XCBuildConfiguration;
			buildSettings = {
				CLANG_ANALYZER_NONNULL = YES;
				CLANG_ANALYZER_NUMBER_OBJECT_CONVERSION = YES_AGGRESSIVE;
				CLANG_CXX_LANGUAGE_STANDARD = "gnu++14";
				CLANG_ENABLE_OBJC_WEAK = YES;
				CLANG_WARN_DOCUMENTATION_COMMENTS = YES;
				CLANG_WARN_QUOTED_INCLUDE_IN_FRAMEWORK_HEADER = YES;
				CLANG_WARN_UNGUARDED_AVAILABILITY = YES_AGGRESSIVE;
				CODE_SIGN_STYLE = Automatic;
				COMBINE_HIDPI_IMAGES = YES;
				DEAD_CODE_STRIPPING = YES;
				DEBUG_INFORMATION_FORMAT = dwarf;
				DEVELOPMENT_TEAM = 25H7BM6YWK;
				GCC_C_LANGUAGE_STANDARD = gnu11;
				INFOPLIST_FILE = IBMigrationToolTests/Info.plist;
				LD_RUNPATH_SEARCH_PATHS = (
					"$(inherited)",
					"@executable_path/../Frameworks",
					"@loader_path/../Frameworks",
				);
				MACOSX_DEPLOYMENT_TARGET = 11.0;
				MTL_ENABLE_DEBUG_INFO = INCLUDE_SOURCE;
				MTL_FAST_MATH = YES;
				PRODUCT_BUNDLE_IDENTIFIER = com.3sidedcube.IBMigrationToolTests;
				PRODUCT_NAME = "$(TARGET_NAME)";
				SDKROOT = macosx;
				SWIFT_ACTIVE_COMPILATION_CONDITIONS = DEBUG;
				SWIFT_VERSION = 5.0;
			};
			name = Debug;
		};
		B1D8A85A2514C4C7005C02F6 /* Release */ = {
			isa = XCBuildConfiguration;
			buildSettings = {
				CLANG_ANALYZER_NONNULL = YES;
				CLANG_ANALYZER_NUMBER_OBJECT_CONVERSION = YES_AGGRESSIVE;
				CLANG_CXX_LANGUAGE_STANDARD = "gnu++14";
				CLANG_ENABLE_OBJC_WEAK = YES;
				CLANG_WARN_DOCUMENTATION_COMMENTS = YES;
				CLANG_WARN_QUOTED_INCLUDE_IN_FRAMEWORK_HEADER = YES;
				CLANG_WARN_UNGUARDED_AVAILABILITY = YES_AGGRESSIVE;
				CODE_SIGN_STYLE = Automatic;
				COMBINE_HIDPI_IMAGES = YES;
				COPY_PHASE_STRIP = NO;
				DEAD_CODE_STRIPPING = YES;
				DEBUG_INFORMATION_FORMAT = "dwarf-with-dsym";
				DEVELOPMENT_TEAM = 25H7BM6YWK;
				GCC_C_LANGUAGE_STANDARD = gnu11;
				INFOPLIST_FILE = IBMigrationToolTests/Info.plist;
				LD_RUNPATH_SEARCH_PATHS = (
					"$(inherited)",
					"@executable_path/../Frameworks",
					"@loader_path/../Frameworks",
				);
				MACOSX_DEPLOYMENT_TARGET = 11.0;
				MTL_FAST_MATH = YES;
				PRODUCT_BUNDLE_IDENTIFIER = com.3sidedcube.IBMigrationToolTests;
				PRODUCT_NAME = "$(TARGET_NAME)";
				SDKROOT = macosx;
				SWIFT_VERSION = 5.0;
			};
			name = Release;
		};
		C272EF9519C831AC004BD339 /* Debug */ = {
			isa = XCBuildConfiguration;
			buildSettings = {
				ALWAYS_SEARCH_USER_PATHS = NO;
				CLANG_ANALYZER_LOCALIZABILITY_NONLOCALIZED = YES;
				CLANG_CXX_LANGUAGE_STANDARD = "gnu++0x";
				CLANG_CXX_LIBRARY = "libc++";
				CLANG_ENABLE_MODULES = YES;
				CLANG_ENABLE_OBJC_ARC = YES;
				CLANG_WARN_BLOCK_CAPTURE_AUTORELEASING = YES;
				CLANG_WARN_BOOL_CONVERSION = YES;
				CLANG_WARN_COMMA = YES;
				CLANG_WARN_CONSTANT_CONVERSION = YES;
				CLANG_WARN_DEPRECATED_OBJC_IMPLEMENTATIONS = YES;
				CLANG_WARN_DIRECT_OBJC_ISA_USAGE = YES_ERROR;
				CLANG_WARN_EMPTY_BODY = YES;
				CLANG_WARN_ENUM_CONVERSION = YES;
				CLANG_WARN_INFINITE_RECURSION = YES;
				CLANG_WARN_INT_CONVERSION = YES;
				CLANG_WARN_NON_LITERAL_NULL_CONVERSION = YES;
				CLANG_WARN_OBJC_IMPLICIT_RETAIN_SELF = YES;
				CLANG_WARN_OBJC_LITERAL_CONVERSION = YES;
				CLANG_WARN_OBJC_ROOT_CLASS = YES_ERROR;
				CLANG_WARN_QUOTED_INCLUDE_IN_FRAMEWORK_HEADER = YES;
				CLANG_WARN_RANGE_LOOP_ANALYSIS = YES;
				CLANG_WARN_STRICT_PROTOTYPES = YES;
				CLANG_WARN_SUSPICIOUS_MOVE = YES;
				CLANG_WARN_UNREACHABLE_CODE = YES;
				CLANG_WARN__DUPLICATE_METHOD_MATCH = YES;
				"CODE_SIGN_IDENTITY[sdk=iphoneos*]" = "iPhone Developer";
				COPY_PHASE_STRIP = NO;
				CURRENT_PROJECT_VERSION = 1;
				ENABLE_STRICT_OBJC_MSGSEND = YES;
				ENABLE_TESTABILITY = YES;
				ENABLE_USER_SCRIPT_SANDBOXING = YES;
				GCC_C_LANGUAGE_STANDARD = gnu99;
				GCC_DYNAMIC_NO_PIC = NO;
				GCC_NO_COMMON_BLOCKS = YES;
				GCC_OPTIMIZATION_LEVEL = 0;
				GCC_PREPROCESSOR_DEFINITIONS = (
					"DEBUG=1",
					"$(inherited)",
				);
				GCC_SYMBOLS_PRIVATE_EXTERN = NO;
				GCC_WARN_64_TO_32_BIT_CONVERSION = YES;
				GCC_WARN_ABOUT_RETURN_TYPE = YES_ERROR;
				GCC_WARN_UNDECLARED_SELECTOR = YES;
				GCC_WARN_UNINITIALIZED_AUTOS = YES_AGGRESSIVE;
				GCC_WARN_UNUSED_FUNCTION = YES;
				GCC_WARN_UNUSED_VARIABLE = YES;
				IPHONEOS_DEPLOYMENT_TARGET = 15.0;
				MTL_ENABLE_DEBUG_INFO = YES;
				ONLY_ACTIVE_ARCH = YES;
				SDKROOT = iphoneos;
				SWIFT_OPTIMIZATION_LEVEL = "-Onone";
				TARGETED_DEVICE_FAMILY = "1,2";
				VERSIONING_SYSTEM = "apple-generic";
				VERSION_INFO_PREFIX = "";
			};
			name = Debug;
		};
		C272EF9619C831AC004BD339 /* Release */ = {
			isa = XCBuildConfiguration;
			buildSettings = {
				ALWAYS_SEARCH_USER_PATHS = NO;
				CLANG_ANALYZER_LOCALIZABILITY_NONLOCALIZED = YES;
				CLANG_CXX_LANGUAGE_STANDARD = "gnu++0x";
				CLANG_CXX_LIBRARY = "libc++";
				CLANG_ENABLE_MODULES = YES;
				CLANG_ENABLE_OBJC_ARC = YES;
				CLANG_WARN_BLOCK_CAPTURE_AUTORELEASING = YES;
				CLANG_WARN_BOOL_CONVERSION = YES;
				CLANG_WARN_COMMA = YES;
				CLANG_WARN_CONSTANT_CONVERSION = YES;
				CLANG_WARN_DEPRECATED_OBJC_IMPLEMENTATIONS = YES;
				CLANG_WARN_DIRECT_OBJC_ISA_USAGE = YES_ERROR;
				CLANG_WARN_EMPTY_BODY = YES;
				CLANG_WARN_ENUM_CONVERSION = YES;
				CLANG_WARN_INFINITE_RECURSION = YES;
				CLANG_WARN_INT_CONVERSION = YES;
				CLANG_WARN_NON_LITERAL_NULL_CONVERSION = YES;
				CLANG_WARN_OBJC_IMPLICIT_RETAIN_SELF = YES;
				CLANG_WARN_OBJC_LITERAL_CONVERSION = YES;
				CLANG_WARN_OBJC_ROOT_CLASS = YES_ERROR;
				CLANG_WARN_QUOTED_INCLUDE_IN_FRAMEWORK_HEADER = YES;
				CLANG_WARN_RANGE_LOOP_ANALYSIS = YES;
				CLANG_WARN_STRICT_PROTOTYPES = YES;
				CLANG_WARN_SUSPICIOUS_MOVE = YES;
				CLANG_WARN_UNREACHABLE_CODE = YES;
				CLANG_WARN__DUPLICATE_METHOD_MATCH = YES;
				"CODE_SIGN_IDENTITY[sdk=iphoneos*]" = "iPhone Developer";
				COPY_PHASE_STRIP = YES;
				CURRENT_PROJECT_VERSION = 1;
				ENABLE_NS_ASSERTIONS = NO;
				ENABLE_STRICT_OBJC_MSGSEND = YES;
				ENABLE_USER_SCRIPT_SANDBOXING = YES;
				GCC_C_LANGUAGE_STANDARD = gnu99;
				GCC_NO_COMMON_BLOCKS = YES;
				GCC_WARN_64_TO_32_BIT_CONVERSION = YES;
				GCC_WARN_ABOUT_RETURN_TYPE = YES_ERROR;
				GCC_WARN_UNDECLARED_SELECTOR = YES;
				GCC_WARN_UNINITIALIZED_AUTOS = YES_AGGRESSIVE;
				GCC_WARN_UNUSED_FUNCTION = YES;
				GCC_WARN_UNUSED_VARIABLE = YES;
				IPHONEOS_DEPLOYMENT_TARGET = 15.0;
				MTL_ENABLE_DEBUG_INFO = NO;
				SDKROOT = iphoneos;
				SWIFT_COMPILATION_MODE = wholemodule;
				SWIFT_OPTIMIZATION_LEVEL = "-O";
				TARGETED_DEVICE_FAMILY = "1,2";
				VALIDATE_PRODUCT = YES;
				VERSIONING_SYSTEM = "apple-generic";
				VERSION_INFO_PREFIX = "";
			};
			name = Release;
		};
		C272EF9819C831AC004BD339 /* Debug */ = {
			isa = XCBuildConfiguration;
			buildSettings = {
				CLANG_ALLOW_NON_MODULAR_INCLUDES_IN_FRAMEWORK_MODULES = NO;
				CLANG_ENABLE_MODULES = YES;
				CODE_SIGN_IDENTITY = "";
				"CODE_SIGN_IDENTITY[sdk=iphoneos*]" = "";
				DEFINES_MODULE = YES;
				DYLIB_COMPATIBILITY_VERSION = 1;
				DYLIB_CURRENT_VERSION = 1;
				DYLIB_INSTALL_NAME_BASE = "@rpath";
				ENABLE_MODULE_VERIFIER = YES;
				GCC_TREAT_WARNINGS_AS_ERRORS = YES;
				INFOPLIST_FILE = ThunderBasics/Info.plist;
				INSTALL_PATH = "$(LOCAL_LIBRARY_DIR)/Frameworks";
				IPHONEOS_DEPLOYMENT_TARGET = 14.0;
				LD_RUNPATH_SEARCH_PATHS = (
					"$(inherited)",
					"@executable_path/Frameworks",
					"@loader_path/Frameworks",
				);
				MACH_O_TYPE = mh_dylib;
				MARKETING_VERSION = 3.2.0;
				MODULE_VERIFIER_SUPPORTED_LANGUAGES = "objective-c objective-c++";
				MODULE_VERIFIER_SUPPORTED_LANGUAGE_STANDARDS = "gnu99 gnu++11";
				ONLY_ACTIVE_ARCH = NO;
				PRODUCT_BUNDLE_IDENTIFIER = "com.threesidedcube.$(PRODUCT_NAME:rfc1034identifier)";
				PRODUCT_NAME = ThunderBasics;
				SKIP_INSTALL = YES;
				SUPPORTED_PLATFORMS = "iphonesimulator iphoneos";
				SWIFT_OPTIMIZATION_LEVEL = "-Onone";
				SWIFT_TREAT_WARNINGS_AS_ERRORS = YES;
				SWIFT_VERSION = 5.0;
			};
			name = Debug;
		};
		C272EF9919C831AC004BD339 /* Release */ = {
			isa = XCBuildConfiguration;
			buildSettings = {
				CLANG_ALLOW_NON_MODULAR_INCLUDES_IN_FRAMEWORK_MODULES = NO;
				CLANG_ENABLE_MODULES = YES;
				CODE_SIGN_IDENTITY = "";
				"CODE_SIGN_IDENTITY[sdk=iphoneos*]" = "";
				DEFINES_MODULE = YES;
				DYLIB_COMPATIBILITY_VERSION = 1;
				DYLIB_CURRENT_VERSION = 1;
				DYLIB_INSTALL_NAME_BASE = "@rpath";
				ENABLE_MODULE_VERIFIER = YES;
				GCC_TREAT_WARNINGS_AS_ERRORS = YES;
				INFOPLIST_FILE = ThunderBasics/Info.plist;
				INSTALL_PATH = "$(LOCAL_LIBRARY_DIR)/Frameworks";
				IPHONEOS_DEPLOYMENT_TARGET = 14.0;
				LD_RUNPATH_SEARCH_PATHS = (
					"$(inherited)",
					"@executable_path/Frameworks",
					"@loader_path/Frameworks",
				);
				MACH_O_TYPE = mh_dylib;
				MARKETING_VERSION = 3.2.0;
				MODULE_VERIFIER_SUPPORTED_LANGUAGES = "objective-c objective-c++";
				MODULE_VERIFIER_SUPPORTED_LANGUAGE_STANDARDS = "gnu99 gnu++11";
				PRODUCT_BUNDLE_IDENTIFIER = "com.threesidedcube.$(PRODUCT_NAME:rfc1034identifier)";
				PRODUCT_NAME = ThunderBasics;
				SKIP_INSTALL = YES;
				SUPPORTED_PLATFORMS = "iphonesimulator iphoneos";
				SWIFT_TREAT_WARNINGS_AS_ERRORS = YES;
				SWIFT_VERSION = 5.0;
			};
			name = Release;
		};
		C272EF9B19C831AC004BD339 /* Debug */ = {
			isa = XCBuildConfiguration;
			buildSettings = {
				CLANG_ENABLE_MODULES = YES;
				"CODE_SIGN_IDENTITY[sdk=iphoneos*]" = "";
				CODE_SIGN_STYLE = Manual;
				DEVELOPMENT_TEAM = "";
				FRAMEWORK_SEARCH_PATHS = (
					"$(SDKROOT)/Developer/Library/Frameworks",
					"$(inherited)",
				);
				GCC_PREPROCESSOR_DEFINITIONS = (
					"DEBUG=1",
					"$(inherited)",
				);
				GCC_TREAT_WARNINGS_AS_ERRORS = YES;
				INFOPLIST_FILE = ThunderBasicsTests/Info.plist;
				IPHONEOS_DEPLOYMENT_TARGET = 14.0;
				LD_RUNPATH_SEARCH_PATHS = (
					"$(inherited)",
					"@executable_path/Frameworks",
					"@loader_path/Frameworks",
				);
				PRODUCT_BUNDLE_IDENTIFIER = "com.threesidedcube.$(PRODUCT_NAME:rfc1034identifier)";
				PRODUCT_NAME = "$(TARGET_NAME)";
				PROVISIONING_PROFILE_SPECIFIER = "";
				SWIFT_OPTIMIZATION_LEVEL = "-Onone";
				SWIFT_SWIFT3_OBJC_INFERENCE = On;
				SWIFT_TREAT_WARNINGS_AS_ERRORS = YES;
				SWIFT_VERSION = 5.0;
			};
			name = Debug;
		};
		C272EF9C19C831AC004BD339 /* Release */ = {
			isa = XCBuildConfiguration;
			buildSettings = {
				CLANG_ENABLE_MODULES = YES;
				"CODE_SIGN_IDENTITY[sdk=iphoneos*]" = "";
				CODE_SIGN_STYLE = Manual;
				DEVELOPMENT_TEAM = "";
				FRAMEWORK_SEARCH_PATHS = (
					"$(SDKROOT)/Developer/Library/Frameworks",
					"$(inherited)",
				);
				GCC_TREAT_WARNINGS_AS_ERRORS = YES;
				INFOPLIST_FILE = ThunderBasicsTests/Info.plist;
				IPHONEOS_DEPLOYMENT_TARGET = 14.0;
				LD_RUNPATH_SEARCH_PATHS = (
					"$(inherited)",
					"@executable_path/Frameworks",
					"@loader_path/Frameworks",
				);
				PRODUCT_BUNDLE_IDENTIFIER = "com.threesidedcube.$(PRODUCT_NAME:rfc1034identifier)";
				PRODUCT_NAME = "$(TARGET_NAME)";
				PROVISIONING_PROFILE_SPECIFIER = "";
				SWIFT_SWIFT3_OBJC_INFERENCE = On;
				SWIFT_TREAT_WARNINGS_AS_ERRORS = YES;
				SWIFT_VERSION = 5.0;
			};
			name = Release;
		};
/* End XCBuildConfiguration section */

/* Begin XCConfigurationList section */
		B16234BC1C91F5E3001669BA /* Build configuration list for PBXNativeTarget "ThunderBasics-macOS" */ = {
			isa = XCConfigurationList;
			buildConfigurations = (
				B16234BD1C91F5E3001669BA /* Debug */,
				B16234BE1C91F5E3001669BA /* Release */,
			);
			defaultConfigurationIsVisible = 0;
			defaultConfigurationName = Release;
		};
		B190A85F228DBCB600E44821 /* Build configuration list for PBXNativeTarget "ThunderBasicsTests-macOS" */ = {
			isa = XCConfigurationList;
			buildConfigurations = (
				B190A85D228DBCB600E44821 /* Debug */,
				B190A85E228DBCB600E44821 /* Release */,
			);
			defaultConfigurationIsVisible = 0;
			defaultConfigurationName = Release;
		};
		B1AB3E772513BA6600E6823D /* Build configuration list for PBXNativeTarget "IBMigrationTool" */ = {
			isa = XCConfigurationList;
			buildConfigurations = (
				B1AB3E782513BA6600E6823D /* Debug */,
				B1AB3E792513BA6600E6823D /* Release */,
			);
			defaultConfigurationIsVisible = 0;
			defaultConfigurationName = Release;
		};
		B1D8A85B2514C4C7005C02F6 /* Build configuration list for PBXNativeTarget "IBMigrationToolTests" */ = {
			isa = XCConfigurationList;
			buildConfigurations = (
				B1D8A8592514C4C7005C02F6 /* Debug */,
				B1D8A85A2514C4C7005C02F6 /* Release */,
			);
			defaultConfigurationIsVisible = 0;
			defaultConfigurationName = Release;
		};
		C272EF7E19C831AB004BD339 /* Build configuration list for PBXProject "ThunderBasics" */ = {
			isa = XCConfigurationList;
			buildConfigurations = (
				C272EF9519C831AC004BD339 /* Debug */,
				C272EF9619C831AC004BD339 /* Release */,
			);
			defaultConfigurationIsVisible = 0;
			defaultConfigurationName = Release;
		};
		C272EF9719C831AC004BD339 /* Build configuration list for PBXNativeTarget "ThunderBasics-iOS" */ = {
			isa = XCConfigurationList;
			buildConfigurations = (
				C272EF9819C831AC004BD339 /* Debug */,
				C272EF9919C831AC004BD339 /* Release */,
			);
			defaultConfigurationIsVisible = 0;
			defaultConfigurationName = Release;
		};
		C272EF9A19C831AC004BD339 /* Build configuration list for PBXNativeTarget "ThunderBasicsTests" */ = {
			isa = XCConfigurationList;
			buildConfigurations = (
				C272EF9B19C831AC004BD339 /* Debug */,
				C272EF9C19C831AC004BD339 /* Release */,
			);
			defaultConfigurationIsVisible = 0;
			defaultConfigurationName = Release;
		};
/* End XCConfigurationList section */
	};
	rootObject = C272EF7B19C831AB004BD339 /* Project object */;
}
